{
  "version": 1,
  "dependencies": {
    "net10.0": {
      "Magick.NET-Q8-AnyCPU": {
        "type": "Direct",
        "requested": "[14.13.1, )",
        "resolved": "14.13.1",
        "contentHash": "Naw4lYw9Mv+Tnd67H2Un+joZsZTWmbo7A4kycoosM6JnclMXb+ZNRbCqgvMRA6wAEJfybFDiP5NauLgL4xkyXA==",
        "dependencies": {
          "Magick.NET.Core": "14.13.1"
        }
      },
      "Magick.NET.Core": {
        "type": "Transitive",
        "resolved": "14.13.1",
        "contentHash": "BhqOKCLixvj/Ofwe+aRPHqoGdWekvKavsQrivBSuUq0zzzijnIF/OxqVA+GCd6WP46C4PaIfGhR65BPi2M0cKg=="
      },
      "micaaudio.core": {
        "type": "Project"
      }
    }
  }
}