
Microsoft Visual Studio Solution File, Format Version 12.00
# Visual Studio Version 18
VisualStudioVersion = 18.3.11512.155
MinimumVisualStudioVersion = 10.0.40219.1
Project("{2150E333-8FDC-42A3-9474-1A3956D46DE8}") = "src", "src", "{827E0CD3-B72D-47B6-A68D-7590B98EB39B}"
EndProject
Project("{FAE04EC0-301F-11D3-BF4B-00C04F79EFBC}") = "MicaAudio.Core", "src\MicaAudio.Core\MicaAudio.Core.csproj", "{E89919DB-E049-49F2-B2B8-E302AAC92E9C}"
EndProject
Project("{FAE04EC0-301F-11D3-BF4B-00C04F79EFBC}") = "Audio.Loopback", "src\Audio.Loopback\Audio.Loopback.csproj", "{0F0BF70A-5677-4912-8985-B26C420D5C07}"
EndProject
Project("{FAE04EC0-301F-11D3-BF4B-00C04F79EFBC}") = "Analyzer.Dsp", "src\Analyzer.Dsp\Analyzer.Dsp.csproj", "{96154C18-275E-4A94-8104-3AF48897CE1C}"
EndProject
Project("{FAE04EC0-301F-11D3-BF4B-00C04F79EFBC}") = "Visual.Win2D", "src\Visual.Win2D\Visual.Win2D.csproj", "{F44A6568-EEAF-460C-A089-E8AD787AF6F9}"
EndProject
Project("{FAE04EC0-301F-11D3-BF4B-00C04F79EFBC}") = "Output", "src\Output\Output.csproj", "{1CFC7820-ED4B-4D95-ACE8-BCFBA213888B}"
EndProject
Project("{FAE04EC0-301F-11D3-BF4B-00C04F79EFBC}") = "App.WinUI", "src\App.WinUI\App.WinUI.csproj", "{8ED61A39-E2A6-4BB8-8E69-7605F1CD0D3F}"
EndProject
Project("{2150E333-8FDC-42A3-9474-1A3956D46DE8}") = "tests", "tests", "{0AB3BF05-4346-4AA6-1389-037BE0695223}"
EndProject
Project("{FAE04EC0-301F-11D3-BF4B-00C04F79EFBC}") = "Analyzer.Dsp.Tests", "tests\Analyzer.Dsp.Tests\Analyzer.Dsp.Tests.csproj", "{12EB4EA0-B234-4C23-86EA-128ABA832DC5}"
EndProject
Project("{FAE04EC0-301F-11D3-BF4B-00C04F79EFBC}") = "Output.Tests", "tests\Output.Tests\Output.Tests.csproj", "{A32B4875-DC93-45D8-9F6E-9AA2D9FCE1A3}"
EndProject
Project("{FAE04EC0-301F-11D3-BF4B-00C04F79EFBC}") = "Integration.Smoke", "tests\Integration.Smoke\Integration.Smoke.csproj", "{2540D08A-F2F1-4682-B34B-04526DC28780}"
EndProject
Project("{FAE04EC0-301F-11D3-BF4B-00C04F79EFBC}") = "Device.Protocol", "src\Device.Protocol\Device.Protocol.csproj", "{ECFAF141-8366-4EF0-B920-B119FF3FDBA4}"
EndProject
Project("{FAE04EC0-301F-11D3-BF4B-00C04F79EFBC}") = "Device.Server", "src\Device.Server\Device.Server.csproj", "{86BB4402-3747-49C1-BD42-A6A4342CCA29}"
EndProject
Project("{FAE04EC0-301F-11D3-BF4B-00C04F79EFBC}") = "BenchmarkSuite1", "BenchmarkSuite1\BenchmarkSuite1.csproj", "{A20861A9-411E-6150-BF5C-69E8196E5D22}"
EndProject
Project("{FAE04EC0-301F-11D3-BF4B-00C04F79EFBC}") = "Device.Server.Abstractions", "src\Device.Server.Abstractions\Device.Server.Abstractions.csproj", "{89FB705B-A0FB-4BF8-8702-DCAF7B6308BE}"
EndProject
Project("{FAE04EC0-301F-11D3-BF4B-00C04F79EFBC}") = "Device.Client.Abstractions", "src\Device.Client.Abstractions\Device.Client.Abstractions.csproj", "{73E0D13B-5ABF-498B-8AF2-0F46AD6A6E9B}"
EndProject
Project("{FAE04EC0-301F-11D3-BF4B-00C04F79EFBC}") = "MicaAudio.Server", "src\MicaAudio.Server\MicaAudio.Server.csproj", "{3B624107-9755-4908-BFCB-E3ED8344CC21}"
EndProject
Project("{FAE04EC0-301F-11D3-BF4B-00C04F79EFBC}") = "Device.Client.Remote", "src\Device.Client.Remote\Device.Client.Remote.csproj", "{D8CD3938-7775-48E1-882D-692B9C2F5506}"
EndProject
Project("{FAE04EC0-301F-11D3-BF4B-00C04F79EFBC}") = "Panels.Composition", "src\Panels.Composition\Panels.Composition.csproj", "{2D4A5355-ECFB-40DC-8AE5-A4541A8841D8}"
EndProject
Global
	GlobalSection(SolutionConfigurationPlatforms) = preSolution
		Debug|Any CPU = Debug|Any CPU
		Debug|x64 = Debug|x64
		Debug|x86 = Debug|x86
		Release|Any CPU = Release|Any CPU
		Release|x64 = Release|x64
		Release|x86 = Release|x86
	EndGlobalSection
	GlobalSection(ProjectConfigurationPlatforms) = postSolution
		{E89919DB-E049-49F2-B2B8-E302AAC92E9C}.Debug|Any CPU.ActiveCfg = Debug|Any CPU
		{E89919DB-E049-49F2-B2B8-E302AAC92E9C}.Debug|Any CPU.Build.0 = Debug|Any CPU
		{E89919DB-E049-49F2-B2B8-E302AAC92E9C}.Debug|x64.ActiveCfg = Debug|Any CPU
		{E89919DB-E049-49F2-B2B8-E302AAC92E9C}.Debug|x64.Build.0 = Debug|Any CPU
		{E89919DB-E049-49F2-B2B8-E302AAC92E9C}.Debug|x86.ActiveCfg = Debug|Any CPU
		{E89919DB-E049-49F2-B2B8-E302AAC92E9C}.Debug|x86.Build.0 = Debug|Any CPU
		{E89919DB-E049-49F2-B2B8-E302AAC92E9C}.Release|Any CPU.ActiveCfg = Release|Any CPU
		{E89919DB-E049-49F2-B2B8-E302AAC92E9C}.Release|Any CPU.Build.0 = Release|Any CPU
		{E89919DB-E049-49F2-B2B8-E302AAC92E9C}.Release|x64.ActiveCfg = Release|Any CPU
		{E89919DB-E049-49F2-B2B8-E302AAC92E9C}.Release|x64.Build.0 = Release|Any CPU
		{E89919DB-E049-49F2-B2B8-E302AAC92E9C}.Release|x86.ActiveCfg = Release|Any CPU
		{E89919DB-E049-49F2-B2B8-E302AAC92E9C}.Release|x86.Build.0 = Release|Any CPU
		{0F0BF70A-5677-4912-8985-B26C420D5C07}.Debug|Any CPU.ActiveCfg = Debug|Any CPU
		{0F0BF70A-5677-4912-8985-B26C420D5C07}.Debug|Any CPU.Build.0 = Debug|Any CPU
		{0F0BF70A-5677-4912-8985-B26C420D5C07}.Debug|x64.ActiveCfg = Debug|Any CPU
		{0F0BF70A-5677-4912-8985-B26C420D5C07}.Debug|x64.Build.0 = Debug|Any CPU
		{0F0BF70A-5677-4912-8985-B26C420D5C07}.Debug|x86.ActiveCfg = Debug|Any CPU
		{0F0BF70A-5677-4912-8985-B26C420D5C07}.Debug|x86.Build.0 = Debug|Any CPU
		{0F0BF70A-5677-4912-8985-B26C420D5C07}.Release|Any CPU.ActiveCfg = Release|Any CPU
		{0F0BF70A-5677-4912-8985-B26C420D5C07}.Release|Any CPU.Build.0 = Release|Any CPU
		{0F0BF70A-5677-4912-8985-B26C420D5C07}.Release|x64.ActiveCfg = Release|Any CPU
		{0F0BF70A-5677-4912-8985-B26C420D5C07}.Release|x64.Build.0 = Release|Any CPU
		{0F0BF70A-5677-4912-8985-B26C420D5C07}.Release|x86.ActiveCfg = Release|Any CPU
		{0F0BF70A-5677-4912-8985-B26C420D5C07}.Release|x86.Build.0 = Release|Any CPU
		{96154C18-275E-4A94-8104-3AF48897CE1C}.Debug|Any CPU.ActiveCfg = Debug|Any CPU
		{96154C18-275E-4A94-8104-3AF48897CE1C}.Debug|Any CPU.Build.0 = Debug|Any CPU
		{96154C18-275E-4A94-8104-3AF48897CE1C}.Debug|x64.ActiveCfg = Debug|Any CPU
		{96154C18-275E-4A94-8104-3AF48897CE1C}.Debug|x64.Build.0 = Debug|Any CPU
		{96154C18-275E-4A94-8104-3AF48897CE1C}.Debug|x86.ActiveCfg = Debug|Any CPU
		{96154C18-275E-4A94-8104-3AF48897CE1C}.Debug|x86.Build.0 = Debug|Any CPU
		{96154C18-275E-4A94-8104-3AF48897CE1C}.Release|Any CPU.ActiveCfg = Release|Any CPU
		{96154C18-275E-4A94-8104-3AF48897CE1C}.Release|Any CPU.Build.0 = Release|Any CPU
		{96154C18-275E-4A94-8104-3AF48897CE1C}.Release|x64.ActiveCfg = Release|Any CPU
		{96154C18-275E-4A94-8104-3AF48897CE1C}.Release|x64.Build.0 = Release|Any CPU
		{96154C18-275E-4A94-8104-3AF48897CE1C}.Release|x86.ActiveCfg = Release|Any CPU
		{96154C18-275E-4A94-8104-3AF48897CE1C}.Release|x86.Build.0 = Release|Any CPU
		{F44A6568-EEAF-460C-A089-E8AD787AF6F9}.Debug|Any CPU.ActiveCfg = Debug|Any CPU
		{F44A6568-EEAF-460C-A089-E8AD787AF6F9}.Debug|Any CPU.Build.0 = Debug|Any CPU
		{F44A6568-EEAF-460C-A089-E8AD787AF6F9}.Debug|x64.ActiveCfg = Debug|Any CPU
		{F44A6568-EEAF-460C-A089-E8AD787AF6F9}.Debug|x64.Build.0 = Debug|Any CPU
		{F44A6568-EEAF-460C-A089-E8AD787AF6F9}.Debug|x86.ActiveCfg = Debug|Any CPU
		{F44A6568-EEAF-460C-A089-E8AD787AF6F9}.Debug|x86.Build.0 = Debug|Any CPU
		{F44A6568-EEAF-460C-A089-E8AD787AF6F9}.Release|Any CPU.ActiveCfg = Release|Any CPU
		{F44A6568-EEAF-460C-A089-E8AD787AF6F9}.Release|Any CPU.Build.0 = Release|Any CPU
		{F44A6568-EEAF-460C-A089-E8AD787AF6F9}.Release|x64.ActiveCfg = Release|Any CPU
		{F44A6568-EEAF-460C-A089-E8AD787AF6F9}.Release|x64.Build.0 = Release|Any CPU
		{F44A6568-EEAF-460C-A089-E8AD787AF6F9}.Release|x86.ActiveCfg = Release|Any CPU
		{F44A6568-EEAF-460C-A089-E8AD787AF6F9}.Release|x86.Build.0 = Release|Any CPU
		{1CFC7820-ED4B-4D95-ACE8-BCFBA213888B}.Debug|Any CPU.ActiveCfg = Debug|Any CPU
		{1CFC7820-ED4B-4D95-ACE8-BCFBA213888B}.Debug|Any CPU.Build.0 = Debug|Any CPU
		{1CFC7820-ED4B-4D95-ACE8-BCFBA213888B}.Debug|x64.ActiveCfg = Debug|Any CPU
		{1CFC7820-ED4B-4D95-ACE8-BCFBA213888B}.Debug|x64.Build.0 = Debug|Any CPU
		{1CFC7820-ED4B-4D95-ACE8-BCFBA213888B}.Debug|x86.ActiveCfg = Debug|Any CPU
		{1CFC7820-ED4B-4D95-ACE8-BCFBA213888B}.Debug|x86.Build.0 = Debug|Any CPU
		{1CFC7820-ED4B-4D95-ACE8-BCFBA213888B}.Release|Any CPU.ActiveCfg = Release|Any CPU
		{1CFC7820-ED4B-4D95-ACE8-BCFBA213888B}.Release|Any CPU.Build.0 = Release|Any CPU
		{1CFC7820-ED4B-4D95-ACE8-BCFBA213888B}.Release|x64.ActiveCfg = Release|Any CPU
		{1CFC7820-ED4B-4D95-ACE8-BCFBA213888B}.Release|x64.Build.0 = Release|Any CPU
		{1CFC7820-ED4B-4D95-ACE8-BCFBA213888B}.Release|x86.ActiveCfg = Release|Any CPU
		{1CFC7820-ED4B-4D95-ACE8-BCFBA213888B}.Release|x86.Build.0 = Release|Any CPU
		{8ED61A39-E2A6-4BB8-8E69-7605F1CD0D3F}.Debug|Any CPU.ActiveCfg = Debug|x64
		{8ED61A39-E2A6-4BB8-8E69-7605F1CD0D3F}.Debug|Any CPU.Build.0 = Debug|x64
		{8ED61A39-E2A6-4BB8-8E69-7605F1CD0D3F}.Debug|x64.ActiveCfg = Debug|x64
		{8ED61A39-E2A6-4BB8-8E69-7605F1CD0D3F}.Debug|x64.Build.0 = Debug|x64
		{8ED61A39-E2A6-4BB8-8E69-7605F1CD0D3F}.Debug|x64.Deploy.0 = Debug|x64
		{8ED61A39-E2A6-4BB8-8E69-7605F1CD0D3F}.Debug|x86.ActiveCfg = Debug|x64
		{8ED61A39-E2A6-4BB8-8E69-7605F1CD0D3F}.Debug|x86.Build.0 = Debug|x64
		{8ED61A39-E2A6-4BB8-8E69-7605F1CD0D3F}.Release|Any CPU.ActiveCfg = Release|x64
		{8ED61A39-E2A6-4BB8-8E69-7605F1CD0D3F}.Release|Any CPU.Build.0 = Release|x64
		{8ED61A39-E2A6-4BB8-8E69-7605F1CD0D3F}.Release|x64.ActiveCfg = Release|x64
		{8ED61A39-E2A6-4BB8-8E69-7605F1CD0D3F}.Release|x64.Build.0 = Release|x64
		{8ED61A39-E2A6-4BB8-8E69-7605F1CD0D3F}.Release|x86.ActiveCfg = Release|x64
		{8ED61A39-E2A6-4BB8-8E69-7605F1CD0D3F}.Release|x86.Build.0 = Release|x64
		{12EB4EA0-B234-4C23-86EA-128ABA832DC5}.Debug|Any CPU.ActiveCfg = Debug|Any CPU
		{12EB4EA0-B234-4C23-86EA-128ABA832DC5}.Debug|Any CPU.Build.0 = Debug|Any CPU
		{12EB4EA0-B234-4C23-86EA-128ABA832DC5}.Debug|x64.ActiveCfg = Debug|Any CPU
		{12EB4EA0-B234-4C23-86EA-128ABA832DC5}.Debug|x64.Build.0 = Debug|Any CPU
		{12EB4EA0-B234-4C23-86EA-128ABA832DC5}.Debug|x86.ActiveCfg = Debug|Any CPU
		{12EB4EA0-B234-4C23-86EA-128ABA832DC5}.Debug|x86.Build.0 = Debug|Any CPU
		{12EB4EA0-B234-4C23-86EA-128ABA832DC5}.Release|Any CPU.ActiveCfg = Release|Any CPU
		{12EB4EA0-B234-4C23-86EA-128ABA832DC5}.Release|Any CPU.Build.0 = Release|Any CPU
		{12EB4EA0-B234-4C23-86EA-128ABA832DC5}.Release|x64.ActiveCfg = Release|Any CPU
		{12EB4EA0-B234-4C23-86EA-128ABA832DC5}.Release|x64.Build.0 = Release|Any CPU
		{12EB4EA0-B234-4C23-86EA-128ABA832DC5}.Release|x86.ActiveCfg = Release|Any CPU
		{12EB4EA0-B234-4C23-86EA-128ABA832DC5}.Release|x86.Build.0 = Release|Any CPU
		{A32B4875-DC93-45D8-9F6E-9AA2D9FCE1A3}.Debug|Any CPU.ActiveCfg = Debug|Any CPU
		{A32B4875-DC93-45D8-9F6E-9AA2D9FCE1A3}.Debug|Any CPU.Build.0 = Debug|Any CPU
		{A32B4875-DC93-45D8-9F6E-9AA2D9FCE1A3}.Debug|x64.ActiveCfg = Debug|Any CPU
		{A32B4875-DC93-45D8-9F6E-9AA2D9FCE1A3}.Debug|x64.Build.0 = Debug|Any CPU
		{A32B4875-DC93-45D8-9F6E-9AA2D9FCE1A3}.Debug|x86.ActiveCfg = Debug|Any CPU
		{A32B4875-DC93-45D8-9F6E-9AA2D9FCE1A3}.Debug|x86.Build.0 = Debug|Any CPU
		{A32B4875-DC93-45D8-9F6E-9AA2D9FCE1A3}.Release|Any CPU.ActiveCfg = Release|Any CPU
		{A32B4875-DC93-45D8-9F6E-9AA2D9FCE1A3}.Release|Any CPU.Build.0 = Release|Any CPU
		{A32B4875-DC93-45D8-9F6E-9AA2D9FCE1A3}.Release|x64.ActiveCfg = Release|Any CPU
		{A32B4875-DC93-45D8-9F6E-9AA2D9FCE1A3}.Release|x64.Build.0 = Release|Any CPU
		{A32B4875-DC93-45D8-9F6E-9AA2D9FCE1A3}.Release|x86.ActiveCfg = Release|Any CPU
		{A32B4875-DC93-45D8-9F6E-9AA2D9FCE1A3}.Release|x86.Build.0 = Release|Any CPU
		{2540D08A-F2F1-4682-B34B-04526DC28780}.Debug|Any CPU.ActiveCfg = Debug|Any CPU
		{2540D08A-F2F1-4682-B34B-04526DC28780}.Debug|Any CPU.Build.0 = Debug|Any CPU
		{2540D08A-F2F1-4682-B34B-04526DC28780}.Debug|x64.ActiveCfg = Debug|Any CPU
		{2540D08A-F2F1-4682-B34B-04526DC28780}.Debug|x64.Build.0 = Debug|Any CPU
		{2540D08A-F2F1-4682-B34B-04526DC28780}.Debug|x86.ActiveCfg = Debug|Any CPU
		{2540D08A-F2F1-4682-B34B-04526DC28780}.Debug|x86.Build.0 = Debug|Any CPU
		{2540D08A-F2F1-4682-B34B-04526DC28780}.Release|Any CPU.ActiveCfg = Release|Any CPU
		{2540D08A-F2F1-4682-B34B-04526DC28780}.Release|Any CPU.Build.0 = Release|Any CPU
		{2540D08A-F2F1-4682-B34B-04526DC28780}.Release|x64.ActiveCfg = Release|Any CPU
		{2540D08A-F2F1-4682-B34B-04526DC28780}.Release|x64.Build.0 = Release|Any CPU
		{2540D08A-F2F1-4682-B34B-04526DC28780}.Release|x86.ActiveCfg = Release|Any CPU
		{2540D08A-F2F1-4682-B34B-04526DC28780}.Release|x86.Build.0 = Release|Any CPU
		{ECFAF141-8366-4EF0-B920-B119FF3FDBA4}.Debug|Any CPU.ActiveCfg = Debug|Any CPU
		{ECFAF141-8366-4EF0-B920-B119FF3FDBA4}.Debug|Any CPU.Build.0 = Debug|Any CPU
		{ECFAF141-8366-4EF0-B920-B119FF3FDBA4}.Debug|x64.ActiveCfg = Debug|Any CPU
		{ECFAF141-8366-4EF0-B920-B119FF3FDBA4}.Debug|x64.Build.0 = Debug|Any CPU
		{ECFAF141-8366-4EF0-B920-B119FF3FDBA4}.Debug|x86.ActiveCfg = Debug|Any CPU
		{ECFAF141-8366-4EF0-B920-B119FF3FDBA4}.Debug|x86.Build.0 = Debug|Any CPU
		{ECFAF141-8366-4EF0-B920-B119FF3FDBA4}.Release|Any CPU.ActiveCfg = Release|Any CPU
		{ECFAF141-8366-4EF0-B920-B119FF3FDBA4}.Release|Any CPU.Build.0 = Release|Any CPU
		{ECFAF141-8366-4EF0-B920-B119FF3FDBA4}.Release|x64.ActiveCfg = Release|Any CPU
		{ECFAF141-8366-4EF0-B920-B119FF3FDBA4}.Release|x64.Build.0 = Release|Any CPU
		{ECFAF141-8366-4EF0-B920-B119FF3FDBA4}.Release|x86.ActiveCfg = Release|Any CPU
		{ECFAF141-8366-4EF0-B920-B119FF3FDBA4}.Release|x86.Build.0 = Release|Any CPU
		{86BB4402-3747-49C1-BD42-A6A4342CCA29}.Debug|Any CPU.ActiveCfg = Debug|Any CPU
		{86BB4402-3747-49C1-BD42-A6A4342CCA29}.Debug|Any CPU.Build.0 = Debug|Any CPU
		{86BB4402-3747-49C1-BD42-A6A4342CCA29}.Debug|x64.ActiveCfg = Debug|Any CPU
		{86BB4402-3747-49C1-BD42-A6A4342CCA29}.Debug|x64.Build.0 = Debug|Any CPU
		{86BB4402-3747-49C1-BD42-A6A4342CCA29}.Debug|x86.ActiveCfg = Debug|Any CPU
		{86BB4402-3747-49C1-BD42-A6A4342CCA29}.Debug|x86.Build.0 = Debug|Any CPU
		{86BB4402-3747-49C1-BD42-A6A4342CCA29}.Release|Any CPU.ActiveCfg = Release|Any CPU
		{86BB4402-3747-49C1-BD42-A6A4342CCA29}.Release|Any CPU.Build.0 = Release|Any CPU
		{86BB4402-3747-49C1-BD42-A6A4342CCA29}.Release|x64.ActiveCfg = Release|Any CPU
		{86BB4402-3747-49C1-BD42-A6A4342CCA29}.Release|x64.Build.0 = Release|Any CPU
		{86BB4402-3747-49C1-BD42-A6A4342CCA29}.Release|x86.ActiveCfg = Release|Any CPU
		{86BB4402-3747-49C1-BD42-A6A4342CCA29}.Release|x86.Build.0 = Release|Any CPU
		{A20861A9-411E-6150-BF5C-69E8196E5D22}.Debug|Any CPU.ActiveCfg = Debug|Any CPU
		{A20861A9-411E-6150-BF5C-69E8196E5D22}.Debug|Any CPU.Build.0 = Debug|Any CPU
		{A20861A9-411E-6150-BF5C-69E8196E5D22}.Debug|x64.ActiveCfg = Debug|Any CPU
		{A20861A9-411E-6150-BF5C-69E8196E5D22}.Debug|x64.Build.0 = Debug|Any CPU
		{A20861A9-411E-6150-BF5C-69E8196E5D22}.Debug|x86.ActiveCfg = Debug|Any CPU
		{A20861A9-411E-6150-BF5C-69E8196E5D22}.Debug|x86.Build.0 = Debug|Any CPU
		{A20861A9-411E-6150-BF5C-69E8196E5D22}.Release|Any CPU.ActiveCfg = Release|Any CPU
		{A20861A9-411E-6150-BF5C-69E8196E5D22}.Release|Any CPU.Build.0 = Release|Any CPU
		{A20861A9-411E-6150-BF5C-69E8196E5D22}.Release|x64.ActiveCfg = Release|Any CPU
		{A20861A9-411E-6150-BF5C-69E8196E5D22}.Release|x64.Build.0 = Release|Any CPU
		{A20861A9-411E-6150-BF5C-69E8196E5D22}.Release|x86.ActiveCfg = Release|Any CPU
		{A20861A9-411E-6150-BF5C-69E8196E5D22}.Release|x86.Build.0 = Release|Any CPU
		{89FB705B-A0FB-4BF8-8702-DCAF7B6308BE}.Debug|Any CPU.ActiveCfg = Debug|Any CPU
		{89FB705B-A0FB-4BF8-8702-DCAF7B6308BE}.Debug|Any CPU.Build.0 = Debug|Any CPU
		{89FB705B-A0FB-4BF8-8702-DCAF7B6308BE}.Debug|x64.ActiveCfg = Debug|Any CPU
		{89FB705B-A0FB-4BF8-8702-DCAF7B6308BE}.Debug|x64.Build.0 = Debug|Any CPU
		{89FB705B-A0FB-4BF8-8702-DCAF7B6308BE}.Debug|x86.ActiveCfg = Debug|Any CPU
		{89FB705B-A0FB-4BF8-8702-DCAF7B6308BE}.Debug|x86.Build.0 = Debug|Any CPU
		{89FB705B-A0FB-4BF8-8702-DCAF7B6308BE}.Release|Any CPU.ActiveCfg = Release|Any CPU
		{89FB705B-A0FB-4BF8-8702-DCAF7B6308BE}.Release|Any CPU.Build.0 = Release|Any CPU
		{89FB705B-A0FB-4BF8-8702-DCAF7B6308BE}.Release|x64.ActiveCfg = Release|Any CPU
		{89FB705B-A0FB-4BF8-8702-DCAF7B6308BE}.Release|x64.Build.0 = Release|Any CPU
		{89FB705B-A0FB-4BF8-8702-DCAF7B6308BE}.Release|x86.ActiveCfg = Release|Any CPU
		{89FB705B-A0FB-4BF8-8702-DCAF7B6308BE}.Release|x86.Build.0 = Release|Any CPU
		{73E0D13B-5ABF-498B-8AF2-0F46AD6A6E9B}.Debug|Any CPU.ActiveCfg = Debug|Any CPU
		{73E0D13B-5ABF-498B-8AF2-0F46AD6A6E9B}.Debug|Any CPU.Build.0 = Debug|Any CPU
		{73E0D13B-5ABF-498B-8AF2-0F46AD6A6E9B}.Debug|x64.ActiveCfg = Debug|Any CPU
		{73E0D13B-5ABF-498B-8AF2-0F46AD6A6E9B}.Debug|x64.Build.0 = Debug|Any CPU
		{73E0D13B-5ABF-498B-8AF2-0F46AD6A6E9B}.Debug|x86.ActiveCfg = Debug|Any CPU
		{73E0D13B-5ABF-498B-8AF2-0F46AD6A6E9B}.Debug|x86.Build.0 = Debug|Any CPU
		{73E0D13B-5ABF-498B-8AF2-0F46AD6A6E9B}.Release|Any CPU.ActiveCfg = Release|Any CPU
		{73E0D13B-5ABF-498B-8AF2-0F46AD6A6E9B}.Release|Any CPU.Build.0 = Release|Any CPU
		{73E0D13B-5ABF-498B-8AF2-0F46AD6A6E9B}.Release|x64.ActiveCfg = Release|Any CPU
		{73E0D13B-5ABF-498B-8AF2-0F46AD6A6E9B}.Release|x64.Build.0 = Release|Any CPU
		{73E0D13B-5ABF-498B-8AF2-0F46AD6A6E9B}.Release|x86.ActiveCfg = Release|Any CPU
		{73E0D13B-5ABF-498B-8AF2-0F46AD6A6E9B}.Release|x86.Build.0 = Release|Any CPU
		{3B624107-9755-4908-BFCB-E3ED8344CC21}.Debug|Any CPU.ActiveCfg = Debug|Any CPU
		{3B624107-9755-4908-BFCB-E3ED8344CC21}.Debug|Any CPU.Build.0 = Debug|Any CPU
		{3B624107-9755-4908-BFCB-E3ED8344CC21}.Debug|x64.ActiveCfg = Debug|Any CPU
		{3B624107-9755-4908-BFCB-E3ED8344CC21}.Debug|x64.Build.0 = Debug|Any CPU
		{3B624107-9755-4908-BFCB-E3ED8344CC21}.Debug|x86.ActiveCfg = Debug|Any CPU
		{3B624107-9755-4908-BFCB-E3ED8344CC21}.Debug|x86.Build.0 = Debug|Any CPU
		{3B624107-9755-4908-BFCB-E3ED8344CC21}.Release|Any CPU.ActiveCfg = Release|Any CPU
		{3B624107-9755-4908-BFCB-E3ED8344CC21}.Release|Any CPU.Build.0 = Release|Any CPU
		{3B624107-9755-4908-BFCB-E3ED8344CC21}.Release|x64.ActiveCfg = Release|Any CPU
		{3B624107-9755-4908-BFCB-E3ED8344CC21}.Release|x64.Build.0 = Release|Any CPU
		{3B624107-9755-4908-BFCB-E3ED8344CC21}.Release|x86.ActiveCfg = Release|Any CPU
		{3B624107-9755-4908-BFCB-E3ED8344CC21}.Release|x86.Build.0 = Release|Any CPU
		{D8CD3938-7775-48E1-882D-692B9C2F5506}.Debug|Any CPU.ActiveCfg = Debug|Any CPU
		{D8CD3938-7775-48E1-882D-692B9C2F5506}.Debug|Any CPU.Build.0 = Debug|Any CPU
		{D8CD3938-7775-48E1-882D-692B9C2F5506}.Debug|x64.ActiveCfg = Debug|Any CPU
		{D8CD3938-7775-48E1-882D-692B9C2F5506}.Debug|x64.Build.0 = Debug|Any CPU
		{D8CD3938-7775-48E1-882D-692B9C2F5506}.Debug|x86.ActiveCfg = Debug|Any CPU
		{D8CD3938-7775-48E1-882D-692B9C2F5506}.Debug|x86.Build.0 = Debug|Any CPU
		{D8CD3938-7775-48E1-882D-692B9C2F5506}.Release|Any CPU.ActiveCfg = Release|Any CPU
		{D8CD3938-7775-48E1-882D-692B9C2F5506}.Release|Any CPU.Build.0 = Release|Any CPU
		{D8CD3938-7775-48E1-882D-692B9C2F5506}.Release|x64.ActiveCfg = Release|Any CPU
		{D8CD3938-7775-48E1-882D-692B9C2F5506}.Release|x64.Build.0 = Release|Any CPU
		{D8CD3938-7775-48E1-882D-692B9C2F5506}.Release|x86.ActiveCfg = Release|Any CPU
		{D8CD3938-7775-48E1-882D-692B9C2F5506}.Release|x86.Build.0 = Release|Any CPU
		{2D4A5355-ECFB-40DC-8AE5-A4541A8841D8}.Debug|Any CPU.ActiveCfg = Debug|Any CPU
		{2D4A5355-ECFB-40DC-8AE5-A4541A8841D8}.Debug|Any CPU.Build.0 = Debug|Any CPU
		{2D4A5355-ECFB-40DC-8AE5-A4541A8841D8}.Debug|x64.ActiveCfg = Debug|Any CPU
		{2D4A5355-ECFB-40DC-8AE5-A4541A8841D8}.Debug|x64.Build.0 = Debug|Any CPU
		{2D4A5355-ECFB-40DC-8AE5-A4541A8841D8}.Debug|x86.ActiveCfg = Debug|Any CPU
		{2D4A5355-ECFB-40DC-8AE5-A4541A8841D8}.Debug|x86.Build.0 = Debug|Any CPU
		{2D4A5355-ECFB-40DC-8AE5-A4541A8841D8}.Release|Any CPU.ActiveCfg = Release|Any CPU
		{2D4A5355-ECFB-40DC-8AE5-A4541A8841D8}.Release|Any CPU.Build.0 = Release|Any CPU
		{2D4A5355-ECFB-40DC-8AE5-A4541A8841D8}.Release|x64.ActiveCfg = Release|Any CPU
		{2D4A5355-ECFB-40DC-8AE5-A4541A8841D8}.Release|x64.Build.0 = Release|Any CPU
		{2D4A5355-ECFB-40DC-8AE5-A4541A8841D8}.Release|x86.ActiveCfg = Release|Any CPU
		{2D4A5355-ECFB-40DC-8AE5-A4541A8841D8}.Release|x86.Build.0 = Release|Any CPU
	EndGlobalSection
	GlobalSection(SolutionProperties) = preSolution
		HideSolutionNode = FALSE
	EndGlobalSection
	GlobalSection(NestedProjects) = preSolution
		{E89919DB-E049-49F2-B2B8-E302AAC92E9C} = {827E0CD3-B72D-47B6-A68D-7590B98EB39B}
		{0F0BF70A-5677-4912-8985-B26C420D5C07} = {827E0CD3-B72D-47B6-A68D-7590B98EB39B}
		{96154C18-275E-4A94-8104-3AF48897CE1C} = {827E0CD3-B72D-47B6-A68D-7590B98EB39B}
		{F44A6568-EEAF-460C-A089-E8AD787AF6F9} = {827E0CD3-B72D-47B6-A68D-7590B98EB39B}
		{1CFC7820-ED4B-4D95-ACE8-BCFBA213888B} = {827E0CD3-B72D-47B6-A68D-7590B98EB39B}
		{8ED61A39-E2A6-4BB8-8E69-7605F1CD0D3F} = {827E0CD3-B72D-47B6-A68D-7590B98EB39B}
		{12EB4EA0-B234-4C23-86EA-128ABA832DC5} = {0AB3BF05-4346-4AA6-1389-037BE0695223}
		{A32B4875-DC93-45D8-9F6E-9AA2D9FCE1A3} = {0AB3BF05-4346-4AA6-1389-037BE0695223}
		{2540D08A-F2F1-4682-B34B-04526DC28780} = {0AB3BF05-4346-4AA6-1389-037BE0695223}
		{ECFAF141-8366-4EF0-B920-B119FF3FDBA4} = {827E0CD3-B72D-47B6-A68D-7590B98EB39B}
		{86BB4402-3747-49C1-BD42-A6A4342CCA29} = {827E0CD3-B72D-47B6-A68D-7590B98EB39B}
		{89FB705B-A0FB-4BF8-8702-DCAF7B6308BE} = {827E0CD3-B72D-47B6-A68D-7590B98EB39B}
		{73E0D13B-5ABF-498B-8AF2-0F46AD6A6E9B} = {827E0CD3-B72D-47B6-A68D-7590B98EB39B}
		{3B624107-9755-4908-BFCB-E3ED8344CC21} = {827E0CD3-B72D-47B6-A68D-7590B98EB39B}
		{D8CD3938-7775-48E1-882D-692B9C2F5506} = {827E0CD3-B72D-47B6-A68D-7590B98EB39B}
		{2D4A5355-ECFB-40DC-8AE5-A4541A8841D8} = {827E0CD3-B72D-47B6-A68D-7590B98EB39B}
	EndGlobalSection
EndGlobal
