{
  "version": 1,
  "dependencies": {
    "net10.0": {
      "MQTTnet.Server": {
        "type": "Direct",
        "requested": "[5.1.0.1559, )",
        "resolved": "5.1.0.1559",
        "contentHash": "pSYkUvtP7F/EohPvStM+PMJlgmVyF1v0wB29KEr0t5x4MXY9kTDqWcCG9L+5sD4Phz6md+C+Fe4heBbh15+gSQ==",
        "dependencies": {
          "MQTTnet": "5.1.0.1559"
        }
      },
      "OpenTelemetry.Exporter.OpenTelemetryProtocol": {
        "type": "Direct",
        "requested": "[1.15.0, )",
        "resolved": "1.15.0",
        "contentHash": "VH8ANc/js9IRvfYt0Q2UaAxNCOWm+IU+vWrtoH7pfx4oWPVdISUt+9uWfBCFMWZg5WzQip5dhslyDjeyZXXfSQ==",
        "dependencies": {
          "OpenTelemetry": "1.15.0"
        }
      },
      "OpenTelemetry.Extensions.Hosting": {
        "type": "Direct",
        "requested": "[1.15.0, )",
        "resolved": "1.15.0",
        "contentHash": "RixjKyB1pbYGhWdvPto4KJs+exdQknJsnjUO9WszdLles5Vcd0EYzxPNJdwmLjYfP+Jfbr4B5nktM4ZgeHSWtg==",
        "dependencies": {
          "OpenTelemetry": "1.15.0"
        }
      },
      "OpenTelemetry.Instrumentation.AspNetCore": {
        "type": "Direct",
        "requested": "[1.16.0, )",
        "resolved": "1.16.0",
        "contentHash": "vSC5EsmBVNcqXMh9BGkkq8zkoUjrg8ghBDb9zbKR8Bqjd05utjVgVft+fqsqQVsvlV5olGj1pBliHBngcIGSIg==",
        "dependencies": {
          "OpenTelemetry.Api.ProviderBuilderExtensions": "[1.16.0, 2.0.0)"
        }
      },
      "Serilog": {
        "type": "Direct",
        "requested": "[4.3.1, )",
        "resolved": "4.3.1",
        "contentHash": "savYe7h5yRlkqBVOwP8cIRDOdqKiPmYCU4W87JH38sBmcKD5EBoXvQIw6bNEvZ/pTe1gsiye3VFCzBsoppGkXQ=="
      },
      "Serilog.Extensions.Logging": {
        "type": "Direct",
        "requested": "[10.0.0, )",
        "resolved": "10.0.0",
        "contentHash": "vx0kABKl2dWbBhhqAfTOk53/i8aV/5VaT3a6il9gn72Wqs2pM7EK2OB6No6xdqK2IaY6Zf9gdjLuK9BVa2rT+Q==",
        "dependencies": {
          "Serilog": "4.2.0"
        }
      },
      "Magick.NET-Q8-AnyCPU": {
        "type": "Transitive",
        "resolved": "14.12.0",
        "contentHash": "YGEgNTZ6DaMhXgJYLClRrmEe6CMsEL5E8hy4c2iH/aEmj41ojFAtA/PIXYH1AOYINNEUX/83nLp/y5obt9P/vw==",
        "dependencies": {
          "Magick.NET.Core": "14.12.0"
        }
      },
      "Magick.NET.Core": {
        "type": "Transitive",
        "resolved": "14.12.0",
        "contentHash": "QPyuk1Lxp1xgSTP8xomnoZjeOtUeTSoeSuEckhGaUAi6GdZ5d2PmZqzr0O4m/zPbC4So/yg5rr2QO4vYD6fB5g=="
      },
      "MQTTnet": {
        "type": "Transitive",
        "resolved": "5.1.0.1559",
        "contentHash": "9mkk0H+76CToIzp9ru5Uj5BuC3P5hQdkhvXM+CLmmTDdZWqajjICCHuUMbDd1yVBt9BWL77Rvzt0A+/PA4WMCA=="
      },
      "OpenTelemetry": {
        "type": "Transitive",
        "resolved": "1.15.0",
        "contentHash": "7mS/oZFF8S6xyqGQfMU1btp0nXJQUPWV535Vp/XMLYwRAUv36xQN+U4vufWBF1+z4HnRTOwuFHtUSGnHbyN6FQ==",
        "dependencies": {
          "OpenTelemetry.Api.ProviderBuilderExtensions": "1.15.0"
        }
      },
      "OpenTelemetry.Api": {
        "type": "Transitive",
        "resolved": "1.16.0",
        "contentHash": "WZP8Eb6vZTeNqeV+fjBitc7iefBoTHIhaWorqg/h/YiQBlcQJu0bICuTqKV0XRyjiE0eWs80yLlnUtHAFSkFWA=="
      },
      "OpenTelemetry.Api.ProviderBuilderExtensions": {
        "type": "Transitive",
        "resolved": "1.16.0",
        "contentHash": "hZwaHAkXvUNn9+cS+vEvYBgIrIQOQRz2cIRUODZ5gxHsDsLeNCueLgZFkybopjE0jUhLut6lm5eL3LTqbW0hMg==",
        "dependencies": {
          "OpenTelemetry.Api": "1.16.0"
        }
      },
      "device.client.abstractions": {
        "type": "Project",
        "dependencies": {
          "Device.Protocol": "[1.0.0, )"
        }
      },
      "device.protocol": {
        "type": "Project"
      },
      "device.server.abstractions": {
        "type": "Project",
        "dependencies": {
          "Device.Client.Abstractions": "[1.0.0, )",
          "Device.Protocol": "[1.0.0, )",
          "Panels.Composition": "[1.0.0, )"
        }
      },
      "micaaudio.core": {
        "type": "Project"
      },
      "panels.composition": {
        "type": "Project",
        "dependencies": {
          "Magick.NET-Q8-AnyCPU": "[14.12.0, )",
          "MicaAudio.Core": "[1.0.0, )"
        }
      }
    }
  }
}