{
  "version": 1,
  "dependencies": {
    "net10.0-windows10.0.22621": {
      "BenchmarkDotNet": {
        "type": "Direct",
        "requested": "[0.15.8, )",
        "resolved": "0.15.8",
        "contentHash": "paCfrWxSeHqn3rUZc0spYXVFnHCF0nzRhG0nOLnyTjZYs8spsimBaaNmb3vwqvALKIplbYq/TF393vYiYSnh/Q==",
        "dependencies": {
          "BenchmarkDotNet.Annotations": "0.15.8",
          "CommandLineParser": "2.9.1",
          "Gee.External.Capstone": "2.3.0",
          "Iced": "1.21.0",
          "Microsoft.CodeAnalysis.CSharp": "4.14.0",
          "Microsoft.Diagnostics.Runtime": "3.1.512801",
          "Microsoft.Diagnostics.Tracing.TraceEvent": "3.1.21",
          "Microsoft.DotNet.PlatformAbstractions": "3.1.6",
          "Perfolizer": "[0.6.1]",
          "System.Management": "9.0.5"
        }
      },
      "Microsoft.Graphics.Win2D": {
        "type": "Direct",
        "requested": "[1.3.2, )",
        "resolved": "1.3.2",
        "contentHash": "xAv4+Xj8wePW1innIUSXebX6UHMGDzOxwKPwYNUNY7mBrsRL/hPFEtuPLpBSxc3iBnuaCogPDCDeN7T4b1xV0Q==",
        "dependencies": {
          "Microsoft.WindowsAppSDK": "1.6.241114003"
        }
      },
      "Microsoft.VisualStudio.DiagnosticsHub.BenchmarkDotNetDiagnosers": {
        "type": "Direct",
        "requested": "[18.3.36812.1, )",
        "resolved": "18.3.36812.1",
        "contentHash": "C2AbM770Sz+pw9F4L2Ul2ri2p3mWtxmVq1jTR7yg8pL+xzuEPw2ckdElG7Ei8mmIc6Pk1Dx6MNfUjmlIPoR1gA==",
        "dependencies": {
          "BenchmarkDotNet": "0.15.0"
        }
      },
      "BenchmarkDotNet.Annotations": {
        "type": "Transitive",
        "resolved": "0.15.8",
        "contentHash": "hfucY0ycAsB0SsoaZcaAp9oq5wlWBJcylvEJb9pmvdYUx6PD6S4mDiYnZWjdjAlLhIpe/xtGCwzORfzAzPqvzA=="
      },
      "CommandLineParser": {
        "type": "Transitive",
        "resolved": "2.9.1",
        "contentHash": "OE0sl1/sQ37bjVsPKKtwQlWDgqaxWgtme3xZz7JssWUzg5JpMIyHgCTY9MVMxOg48fJ1AgGT3tgdH5m/kQ5xhA=="
      },
      "CommunityToolkit.Mvvm": {
        "type": "Transitive",
        "resolved": "8.4.0",
        "contentHash": "tqVU8yc/ADO9oiTRyTnwhFN68hCwvkliMierptWOudIAvWY1mWCh5VFh+guwHJmpMwfg0J0rY+yyd5Oy7ty9Uw=="
      },
      "Gee.External.Capstone": {
        "type": "Transitive",
        "resolved": "2.3.0",
        "contentHash": "2ap/rYmjtzCOT8hxrnEW/QeiOt+paD8iRrIcdKX0cxVwWLFa1e+JDBNeECakmccXrSFeBQuu5AV8SNkipFMMMw=="
      },
      "Google.Protobuf": {
        "type": "Transitive",
        "resolved": "3.30.1",
        "contentHash": "HeWXDQBabQn/sCGicbeLJ0HMunknfC4FdLrOQOsaMJHcpqx3HVIpyyJqTrqJlWnza870twhOb+rBcaTiC/TlNA=="
      },
      "Grpc.Core.Api": {
        "type": "Transitive",
        "resolved": "2.70.0",
        "contentHash": "66UotvWcSIq41oiQhLWcQACyKPM4umxXNiht5DQTLZJfNwEswWOcS7Z0xIEHyNIBE7ZpjotH22bEjTkvhPxmVw=="
      },
      "Grpc.Net.Client": {
        "type": "Transitive",
        "resolved": "2.70.0",
        "contentHash": "xNv0FFCVJa5S1beUtye82WFCxKThuE1jbN8DO1x1Rj8VSIWXLBUmfSID5a1fGzsU2R/EMfwPoWclJ2RMfQuGXw==",
        "dependencies": {
          "Grpc.Net.Common": "2.70.0",
          "Microsoft.Extensions.Logging.Abstractions": "6.0.0"
        }
      },
      "Grpc.Net.Common": {
        "type": "Transitive",
        "resolved": "2.70.0",
        "contentHash": "rBdEUMyCwa+iB8mqC6JKyPbj3SBHHkReJj/yy/XKJI63GcG6w9DJMMGTVcYHqq4Ci2W4m0HT4jt2pFfFscar8g==",
        "dependencies": {
          "Grpc.Core.Api": "2.70.0"
        }
      },
      "Iced": {
        "type": "Transitive",
        "resolved": "1.21.0",
        "contentHash": "dv5+81Q1TBQvVMSOOOmRcjJmvWcX3BZPZsIq31+RLc5cNft0IHAyNlkdb7ZarOWG913PyBoFDsDXoCIlKmLclg=="
      },
      "Magick.NET-Q8-AnyCPU": {
        "type": "Transitive",
        "resolved": "14.12.0",
        "contentHash": "YGEgNTZ6DaMhXgJYLClRrmEe6CMsEL5E8hy4c2iH/aEmj41ojFAtA/PIXYH1AOYINNEUX/83nLp/y5obt9P/vw==",
        "dependencies": {
          "Magick.NET.Core": "14.12.0"
        }
      },
      "Magick.NET.Core": {
        "type": "Transitive",
        "resolved": "14.12.0",
        "contentHash": "QPyuk1Lxp1xgSTP8xomnoZjeOtUeTSoeSuEckhGaUAi6GdZ5d2PmZqzr0O4m/zPbC4So/yg5rr2QO4vYD6fB5g=="
      },
      "Microsoft.CodeAnalysis.Analyzers": {
        "type": "Transitive",
        "resolved": "3.11.0",
        "contentHash": "v/EW3UE8/lbEYHoC2Qq7AR/DnmvpgdtAMndfQNmpuIMx/Mto8L5JnuCfdBYtgvalQOtfNCnxFejxuRrryvUTsg=="
      },
      "Microsoft.CodeAnalysis.Common": {
        "type": "Transitive",
        "resolved": "4.14.0",
        "contentHash": "PC3tuwZYnC+idaPuoC/AZpEdwrtX7qFpmnrfQkgobGIWiYmGi5MCRtl5mx6QrfMGQpK78X2lfIEoZDLg/qnuHg==",
        "dependencies": {
          "Microsoft.CodeAnalysis.Analyzers": "3.11.0"
        }
      },
      "Microsoft.CodeAnalysis.CSharp": {
        "type": "Transitive",
        "resolved": "4.14.0",
        "contentHash": "568a6wcTivauIhbeWcCwfWwIn7UV7MeHEBvFB2uzGIpM2OhJ4eM/FZ8KS0yhPoNxnSpjGzz7x7CIjTxhslojQA==",
        "dependencies": {
          "Microsoft.CodeAnalysis.Analyzers": "3.11.0",
          "Microsoft.CodeAnalysis.Common": "[4.14.0]"
        }
      },
      "Microsoft.Diagnostics.NETCore.Client": {
        "type": "Transitive",
        "resolved": "0.2.510501",
        "contentHash": "juoqJYMDs+lRrrZyOkXXMImJHneCF23cuvO4waFRd2Ds7j+ZuGIPbJm0Y/zz34BdeaGiiwGWraMUlln05W1PCQ==",
        "dependencies": {
          "Microsoft.Extensions.Logging": "6.0.0"
        }
      },
      "Microsoft.Diagnostics.Runtime": {
        "type": "Transitive",
        "resolved": "3.1.512801",
        "contentHash": "0lMUDr2oxNZa28D6NH5BuSQEe5T9tZziIkvkD44YkkCGQXPJqvFjLq5ZQq1hYLl3RjQJrY+hR0jFgap+EWPDTw==",
        "dependencies": {
          "Microsoft.Diagnostics.NETCore.Client": "0.2.410101"
        }
      },
      "Microsoft.Diagnostics.Tracing.TraceEvent": {
        "type": "Transitive",
        "resolved": "3.1.21",
        "contentHash": "/OrJFKaojSR6TkUKtwh8/qA9XWNtxLrXMqvEb89dBSKCWjaGVTbKMYodIUgF5deCEtmd6GXuRerciXGl5bhZ7Q==",
        "dependencies": {
          "Microsoft.Diagnostics.NETCore.Client": "0.2.510501",
          "System.Reflection.TypeExtensions": "4.7.0"
        }
      },
      "Microsoft.DotNet.PlatformAbstractions": {
        "type": "Transitive",
        "resolved": "3.1.6",
        "contentHash": "jek4XYaQ/PGUwDKKhwR8K47Uh1189PFzMeLqO83mXrXQVIpARZCcfuDedH50YDTepBkfijCZN5U/vZi++erxtg=="
      },
      "Microsoft.Extensions.AmbientMetadata.Application": {
        "type": "Transitive",
        "resolved": "10.3.0",
        "contentHash": "Oh/FQJrTZqiqZuFktqDCwLFgxIUnNATZx46AwUTf5A/+FmK/TzPf/iwSqMK85QlioLD9ehOxWe0NBfsCSkp5pw==",
        "dependencies": {
          "Microsoft.Extensions.Configuration": "10.0.3",
          "Microsoft.Extensions.Hosting.Abstractions": "10.0.3",
          "Microsoft.Extensions.Options.ConfigurationExtensions": "10.0.3"
        }
      },
      "Microsoft.Extensions.Caching.Abstractions": {
        "type": "Transitive",
        "resolved": "10.0.0",
        "contentHash": "Zcoy6H9mSoGyvr7UvlGokEZrlZkcPCICPZr8mCsSt9U/N8eeCwCXwKF5bShdA66R0obxBCwP4AxomQHvVkC/uA==",
        "dependencies": {
          "Microsoft.Extensions.Primitives": "10.0.0"
        }
      },
      "Microsoft.Extensions.Caching.Hybrid": {
        "type": "Transitive",
        "resolved": "10.0.0",
        "contentHash": "xvhmF2dlwC3e8KKSuWOjJkjQdKG80991CUqjDnqzV1Od0CgMqbDw49kGJ9RiGrp3nbLTYCSb3c+KYo6TcENYRw==",
        "dependencies": {
          "Microsoft.Extensions.Caching.Abstractions": "10.0.0",
          "Microsoft.Extensions.Caching.Memory": "10.0.0",
          "Microsoft.Extensions.Logging.Abstractions": "10.0.0",
          "Microsoft.Extensions.Options": "10.0.0"
        }
      },
      "Microsoft.Extensions.Caching.Memory": {
        "type": "Transitive",
        "resolved": "10.0.0",
        "contentHash": "krK19MKp0BNiR9rpBDW7PKSrTMLVlifS9am3CVc4O1Jq6GWz0o4F+sw5OSL4L3mVd56W8l6JRgghUa2KB51vOw==",
        "dependencies": {
          "Microsoft.Extensions.Caching.Abstractions": "10.0.0",
          "Microsoft.Extensions.DependencyInjection.Abstractions": "10.0.0",
          "Microsoft.Extensions.Logging.Abstractions": "10.0.0",
          "Microsoft.Extensions.Options": "10.0.0",
          "Microsoft.Extensions.Primitives": "10.0.0"
        }
      },
      "Microsoft.Extensions.Compliance.Abstractions": {
        "type": "Transitive",
        "resolved": "10.3.0",
        "contentHash": "b3gmxtyX0n8bQFuZ679f8QiOWqjeZKFc6XXPUsYNFzMcWi0Q44Ej3pB41N/QQ0maX380kmOMF36bLSBHNThXAg==",
        "dependencies": {
          "Microsoft.Extensions.DependencyInjection.Abstractions": "10.0.3",
          "Microsoft.Extensions.ObjectPool": "10.0.3"
        }
      },
      "Microsoft.Extensions.Configuration": {
        "type": "Transitive",
        "resolved": "10.0.3",
        "contentHash": "H1Cjv2xmm7O3iAGmFTcnSM0ZhLQ/7SqefmAvSJoT1PbXoxeYc2fo0mCLn2JlVbr9E6YpoU9q/o0fI9neDJB0xQ==",
        "dependencies": {
          "Microsoft.Extensions.Configuration.Abstractions": "10.0.3",
          "Microsoft.Extensions.Primitives": "10.0.3"
        }
      },
      "Microsoft.Extensions.Configuration.Abstractions": {
        "type": "Transitive",
        "resolved": "10.0.3",
        "contentHash": "xVDHL0+SIgemfh95fTO9cGLe17TWv/ZP0n7m01z8X6pzt2DmQpucioWR/mYZA1sRlkWnkXzfl0JweLNWmE9WMg==",
        "dependencies": {
          "Microsoft.Extensions.Primitives": "10.0.3"
        }
      },
      "Microsoft.Extensions.Configuration.Binder": {
        "type": "Transitive",
        "resolved": "10.0.3",
        "contentHash": "759UhpKaR5Jsll9kXpkft4z/7tpeF7Dw2rTY/9f9JchaSQTpRFNIPkZFZvoo7fFpbjUaqtDlO5aiGpmQrp/EUA==",
        "dependencies": {
          "Microsoft.Extensions.Configuration": "10.0.3",
          "Microsoft.Extensions.Configuration.Abstractions": "10.0.3"
        }
      },
      "Microsoft.Extensions.DependencyInjection": {
        "type": "Transitive",
        "resolved": "10.0.3",
        "contentHash": "2DLOmC0EkB2smVK8lPP1PIKEgL1arE3CMp9XSIQB/Y7ev5nnnyuM/PizKJ6QfLD08QCYoopSC9SFdbYglDomYg==",
        "dependencies": {
          "Microsoft.Extensions.DependencyInjection.Abstractions": "10.0.3"
        }
      },
      "Microsoft.Extensions.DependencyInjection.Abstractions": {
        "type": "Transitive",
        "resolved": "10.0.3",
        "contentHash": "bwGMrRcAMWx2s/RDgja97p27rxSz2pEQW0+rX5cWAUWVETVJ/eyxGfjAl8vuG5a+lckWmPIE+vcuaZNVB5YDdw=="
      },
      "Microsoft.Extensions.DependencyInjection.AutoActivation": {
        "type": "Transitive",
        "resolved": "10.3.0",
        "contentHash": "g6/S5rhP1XNBqeDa9zKXri/uDKe6gjzSqGsocuySb1OdVm8fz/M9YcWTJsCw5RHF8xIb/B3NgsfBPQF9Emjk3Q==",
        "dependencies": {
          "Microsoft.Extensions.Hosting.Abstractions": "10.0.3"
        }
      },
      "Microsoft.Extensions.Diagnostics": {
        "type": "Transitive",
        "resolved": "10.0.3",
        "contentHash": "tc0R6i2T+138taoxFPQXb7Sy/4rtq4ytoJrAt4fNGs6k89mHpEhZnXUNgaFKwwb5Ud5rIUeLC6tfpsuHNwiWqg==",
        "dependencies": {
          "Microsoft.Extensions.Configuration": "10.0.3",
          "Microsoft.Extensions.Diagnostics.Abstractions": "10.0.3",
          "Microsoft.Extensions.Options.ConfigurationExtensions": "10.0.3"
        }
      },
      "Microsoft.Extensions.Diagnostics.Abstractions": {
        "type": "Transitive",
        "resolved": "10.0.3",
        "contentHash": "mQiTzAj7PIJ2A9YXR5QhgulS1fTWhmQc3ckd1Mrf3hKW07d03fBDqx8vVaFw+cRTebDOeB6pNqdWdnRxsi1hBA==",
        "dependencies": {
          "Microsoft.Extensions.DependencyInjection.Abstractions": "10.0.3",
          "Microsoft.Extensions.Options": "10.0.3"
        }
      },
      "Microsoft.Extensions.Diagnostics.ExceptionSummarization": {
        "type": "Transitive",
        "resolved": "10.3.0",
        "contentHash": "TZAZsAFThNQDqCnWaGxV/X7OPSA7b+kY7wNTPNvPvSWa0jcTbmGVyzIY/feF4OgyAUUdzSnnLW6ri2Q+4keM4A==",
        "dependencies": {
          "Microsoft.Extensions.DependencyInjection.Abstractions": "10.0.3"
        }
      },
      "Microsoft.Extensions.FileProviders.Abstractions": {
        "type": "Transitive",
        "resolved": "10.0.3",
        "contentHash": "4TD9AXDRsipTmaemwnjt/DM5Ri0de2JzHQhvZ4woBTjUtL4XrPNsMrOk5oiLJAx1gTrE6pOIhxv+lEde5F6CZA==",
        "dependencies": {
          "Microsoft.Extensions.Primitives": "10.0.3"
        }
      },
      "Microsoft.Extensions.Hosting.Abstractions": {
        "type": "Transitive",
        "resolved": "10.0.3",
        "contentHash": "GdMpC10Jf6poxSvUJ4lgYpJ5F/kJeaAoJmrPufjBoPYyCTKKY5Dyl0rZA+LBNvFqTq1cZa/lhlptlUhNvU6xrg==",
        "dependencies": {
          "Microsoft.Extensions.Configuration.Abstractions": "10.0.3",
          "Microsoft.Extensions.DependencyInjection.Abstractions": "10.0.3",
          "Microsoft.Extensions.Diagnostics.Abstractions": "10.0.3",
          "Microsoft.Extensions.FileProviders.Abstractions": "10.0.3",
          "Microsoft.Extensions.Logging.Abstractions": "10.0.3"
        }
      },
      "Microsoft.Extensions.Http": {
        "type": "Transitive",
        "resolved": "10.0.3",
        "contentHash": "M5gWob3dtzlF14oto1lR1ZuSJrR0gGc+obv7zY9LGmX5y3Ndpve29MrrjqJW/m4CFud4TE/KFUuHjjtwxhCO8g==",
        "dependencies": {
          "Microsoft.Extensions.Configuration.Abstractions": "10.0.3",
          "Microsoft.Extensions.DependencyInjection.Abstractions": "10.0.3",
          "Microsoft.Extensions.Diagnostics": "10.0.3",
          "Microsoft.Extensions.Logging": "10.0.3",
          "Microsoft.Extensions.Logging.Abstractions": "10.0.3",
          "Microsoft.Extensions.Options": "10.0.3"
        }
      },
      "Microsoft.Extensions.Http.Diagnostics": {
        "type": "Transitive",
        "resolved": "10.3.0",
        "contentHash": "/xuNWNxI4WLVatiTvaqfLd5ijFhQ/qvE14bOyWxeEWmXJkjh/g2G/5TdzMfoe0afq16OdWLGbrD9gWHo178hbg==",
        "dependencies": {
          "Microsoft.Extensions.Http": "10.0.3",
          "Microsoft.Extensions.Telemetry": "10.3.0"
        }
      },
      "Microsoft.Extensions.Http.Resilience": {
        "type": "Transitive",
        "resolved": "10.3.0",
        "contentHash": "P4+s/eUH3dZdn1HnivSL2dh6/Jb0ndLt2l88oQPZ9BYdyb4tSRAsnz4QkJHGfPA9lS/XblI5QYsxEdfkurPvIg==",
        "dependencies": {
          "Microsoft.Extensions.Http.Diagnostics": "10.3.0",
          "Microsoft.Extensions.ObjectPool": "10.0.3",
          "Microsoft.Extensions.Resilience": "10.3.0"
        }
      },
      "Microsoft.Extensions.Logging": {
        "type": "Transitive",
        "resolved": "10.0.3",
        "contentHash": "8D9Er1cGXNjNDIB+VLBNHn386L5ls2FoiG9a6o12gyn+GG3w6jdfUhzT8dtBnKcevE7/fsVA8MS3FBgFfClFtQ==",
        "dependencies": {
          "Microsoft.Extensions.DependencyInjection": "10.0.3",
          "Microsoft.Extensions.Logging.Abstractions": "10.0.3",
          "Microsoft.Extensions.Options": "10.0.3"
        }
      },
      "Microsoft.Extensions.Logging.Abstractions": {
        "type": "Transitive",
        "resolved": "10.0.3",
        "contentHash": "lxl0WLk7ROgBFAsjcOYjQ8/DVK+VMszxGBzUhgtQmAsTNldLL5pk9NG/cWTsXHq0lUhUEAtZkEE7jOGOA8bGKQ==",
        "dependencies": {
          "Microsoft.Extensions.DependencyInjection.Abstractions": "10.0.3"
        }
      },
      "Microsoft.Extensions.Logging.Configuration": {
        "type": "Transitive",
        "resolved": "10.0.3",
        "contentHash": "PBlaoYeusaxNYyN4WFjzcXWlUDSvLUPxy/e6oP1SONOOYA/oBWT2uBmFGJMV9VTtXiXXxCB39LqlYWbsWE4UKA==",
        "dependencies": {
          "Microsoft.Extensions.Configuration": "10.0.3",
          "Microsoft.Extensions.Configuration.Abstractions": "10.0.3",
          "Microsoft.Extensions.Configuration.Binder": "10.0.3",
          "Microsoft.Extensions.DependencyInjection.Abstractions": "10.0.3",
          "Microsoft.Extensions.Logging": "10.0.3",
          "Microsoft.Extensions.Logging.Abstractions": "10.0.3",
          "Microsoft.Extensions.Options": "10.0.3",
          "Microsoft.Extensions.Options.ConfigurationExtensions": "10.0.3"
        }
      },
      "Microsoft.Extensions.Logging.Debug": {
        "type": "Transitive",
        "resolved": "10.0.3",
        "contentHash": "OoH8AcYCq74ab5XUIQc84CZk54G/cU+JztiMXgNKGkomJOeuistTMg0PWPC4VXXMSVBEGWJuMDEBttOrHyXe8w==",
        "dependencies": {
          "Microsoft.Extensions.DependencyInjection.Abstractions": "10.0.3",
          "Microsoft.Extensions.Logging": "10.0.3",
          "Microsoft.Extensions.Logging.Abstractions": "10.0.3"
        }
      },
      "Microsoft.Extensions.ObjectPool": {
        "type": "Transitive",
        "resolved": "10.0.3",
        "contentHash": "dQKlVXzqflsv5X8iDlAN5YmTL1GcLCrOLKo1s9PNdfjqxeu0S/jmWTfiLGno+8+o1qFL3+VFAH5/ftmypN+sPw=="
      },
      "Microsoft.Extensions.Options": {
        "type": "Transitive",
        "resolved": "10.0.3",
        "contentHash": "hU6WzGTPvPoLA2ng1ILvWQb3g0qORdlHNsxI8IcPLumJb3suimYUl+bbDzdo1V4KFsvVhnMWzysHpKbZaoDQPQ==",
        "dependencies": {
          "Microsoft.Extensions.DependencyInjection.Abstractions": "10.0.3",
          "Microsoft.Extensions.Primitives": "10.0.3"
        }
      },
      "Microsoft.Extensions.Options.ConfigurationExtensions": {
        "type": "Transitive",
        "resolved": "10.0.3",
        "contentHash": "bn6QoBbbvwmzLIFyxrnL2/e+sqoNUOGbHyfWK9DPONMv1mDCYHm/C7MusYASM31b2lUx6OiDmonb3v+dv5t0nA==",
        "dependencies": {
          "Microsoft.Extensions.Configuration.Abstractions": "10.0.3",
          "Microsoft.Extensions.Configuration.Binder": "10.0.3",
          "Microsoft.Extensions.DependencyInjection.Abstractions": "10.0.3",
          "Microsoft.Extensions.Options": "10.0.3",
          "Microsoft.Extensions.Primitives": "10.0.3"
        }
      },
      "Microsoft.Extensions.Primitives": {
        "type": "Transitive",
        "resolved": "10.0.3",
        "contentHash": "GEcpTwo7sUoLGGNTqV1FZEuL+tTD9m81NX/mh099dqGNna07/UGZShKQNZRw4hv6nlliSUwYQgSYc7OR99Jufg=="
      },
      "Microsoft.Extensions.Resilience": {
        "type": "Transitive",
        "resolved": "10.3.0",
        "contentHash": "xc0dZuPkBaVIdMlODDppmNY/dxE27wIQ46gTzStoFXO4/yVcOMKlPmtr9vTP4edyXBRizGxPtcAFmqxZ5gPTkQ==",
        "dependencies": {
          "Microsoft.Extensions.Diagnostics": "10.0.3",
          "Microsoft.Extensions.Diagnostics.ExceptionSummarization": "10.3.0",
          "Microsoft.Extensions.Options.ConfigurationExtensions": "10.0.3",
          "Microsoft.Extensions.Telemetry.Abstractions": "10.3.0",
          "Polly.Extensions": "8.4.2",
          "Polly.RateLimiting": "8.4.2"
        }
      },
      "Microsoft.Extensions.Telemetry": {
        "type": "Transitive",
        "resolved": "10.3.0",
        "contentHash": "M1esrIGmwU2JBY0JpwdlUTXTNBXSBFEs+41bYBd59+9/vCaXw+vGhtYcCL+JXeGmxTLUHmuXcKbX/uVCSFcuzA==",
        "dependencies": {
          "Microsoft.Extensions.AmbientMetadata.Application": "10.3.0",
          "Microsoft.Extensions.DependencyInjection.AutoActivation": "10.3.0",
          "Microsoft.Extensions.Logging.Configuration": "10.0.3",
          "Microsoft.Extensions.ObjectPool": "10.0.3",
          "Microsoft.Extensions.Telemetry.Abstractions": "10.3.0"
        }
      },
      "Microsoft.Extensions.Telemetry.Abstractions": {
        "type": "Transitive",
        "resolved": "10.3.0",
        "contentHash": "aKxH6ZsGAewGF8uSXyx1WkjqItwZA+hd1hhQ/4i7o5injCWSdr9vIZ3R3djJfy8OG3xaWK+LZY/+slVvlnwEHw==",
        "dependencies": {
          "Microsoft.Extensions.Compliance.Abstractions": "10.3.0",
          "Microsoft.Extensions.Logging.Abstractions": "10.0.3",
          "Microsoft.Extensions.ObjectPool": "10.0.3",
          "Microsoft.Extensions.Options": "10.0.3"
        }
      },
      "Microsoft.Web.WebView2": {
        "type": "Transitive",
        "resolved": "1.0.3800.47",
        "contentHash": "vluoF9sqb72AB02yYs1UXW/2/VsxOMl2idiFJNvG993sOw3bHJvjHXmd3tqevTd9s3Md/9FgEzkOXoUl2Nb/ww=="
      },
      "Microsoft.Windows.SDK.BuildTools": {
        "type": "Transitive",
        "resolved": "10.0.26100.4654",
        "contentHash": "2mgcOlj/t2RfSyyw+pVESfO+Tk1RkfQzto9Vrq42M1lUQIfQEwbi8QLha9GXWIOj+TFzeHIEJckIoF25mgiM8A=="
      },
      "Microsoft.Windows.SDK.BuildTools.MSIX": {
        "type": "Transitive",
        "resolved": "1.7.20250829.1",
        "contentHash": "IMdvRmCIZnBS5GkYnv0po1bcx6U1OF39pqA4TphQ9evDzpCRoSE19/PkDvlUNNrBavTsLIEJgd/TAIFner75ow=="
      },
      "Microsoft.WindowsAppSDK": {
        "type": "Transitive",
        "resolved": "1.8.260209005",
        "contentHash": "AGHOiZcrDrpaxpHfEFKlI8MVnibfbSixI5DlbU6ozP/9dyWN5FkTFowg+dEOnaFRCnOzTSAjBQ1HuS4lAO+aMQ==",
        "dependencies": {
          "Microsoft.WindowsAppSDK.AI": "[1.8.47]",
          "Microsoft.WindowsAppSDK.Base": "[1.8.251216001]",
          "Microsoft.WindowsAppSDK.DWrite": "[1.8.25122902]",
          "Microsoft.WindowsAppSDK.Foundation": "[1.8.260203002]",
          "Microsoft.WindowsAppSDK.InteractiveExperiences": "[1.8.260125001]",
          "Microsoft.WindowsAppSDK.ML": "[1.8.2124]",
          "Microsoft.WindowsAppSDK.Runtime": "[1.8.260209005]",
          "Microsoft.WindowsAppSDK.Widgets": "[1.8.251231004]",
          "Microsoft.WindowsAppSDK.WinUI": "[1.8.260204000]"
        }
      },
      "Microsoft.WindowsAppSDK.AI": {
        "type": "Transitive",
        "resolved": "1.8.47",
        "contentHash": "9il8KT8WR4T826hnm3M/USZTkPtVXFGE0IztmE1l7H9DPYsa3QHEUgGHFHQg88fsMjdr3vhyMvs23AB+1IYF1w==",
        "dependencies": {
          "Microsoft.WindowsAppSDK.Base": "1.8.251216001",
          "Microsoft.WindowsAppSDK.Foundation": "1.8.260126001"
        }
      },
      "Microsoft.WindowsAppSDK.Base": {
        "type": "Transitive",
        "resolved": "1.8.251216001",
        "contentHash": "PS1wriuFknz3W2F2P/e6RvOTM35w89Lsj/f0QmUEPrJjKnc+jM0JLX1vfdytI14y1gNRUTm9uclwP0aH/SVU5w==",
        "dependencies": {
          "Microsoft.Windows.SDK.BuildTools": "10.0.26100.4654",
          "Microsoft.Windows.SDK.BuildTools.MSIX": "1.7.20250829.1"
        }
      },
      "Microsoft.WindowsAppSDK.DWrite": {
        "type": "Transitive",
        "resolved": "1.8.25122902",
        "contentHash": "zFNn07i7Cyz62Y8FnPQAyzeZK7ww3m9t42i9pzy4C04pNbyUDQ4fG7pB6VSh6n4EyFuYtuFQuDzt4mKmXFrkrg==",
        "dependencies": {
          "Microsoft.WindowsAppSDK.Base": "1.8.251216001"
        }
      },
      "Microsoft.WindowsAppSDK.Foundation": {
        "type": "Transitive",
        "resolved": "1.8.260203002",
        "contentHash": "eKQ/prWq98mW7+E+ffot47iZNbDnq/NVN9R9Gi8vmoU/3Ka6zNNivxdICXh6j7g6REFPCV9530/nQYQC0L3fwg==",
        "dependencies": {
          "Microsoft.WindowsAppSDK.Base": "1.8.251216001",
          "Microsoft.WindowsAppSDK.InteractiveExperiences": "1.8.260125001"
        }
      },
      "Microsoft.WindowsAppSDK.InteractiveExperiences": {
        "type": "Transitive",
        "resolved": "1.8.260125001",
        "contentHash": "CTGFd1zhIDbnOltZ6piPvpNXFR1OaNyW3vHvhaILzpGziAgj5DPuVnU3PUp1p5iOBd382FLCBVM6nEPyu/LCOA==",
        "dependencies": {
          "Microsoft.WindowsAppSDK.Base": "1.8.251216001"
        }
      },
      "Microsoft.WindowsAppSDK.ML": {
        "type": "Transitive",
        "resolved": "1.8.2124",
        "contentHash": "l7ZptLbvOWHEJgxZtCQhUzDNCakNcqSJyAa7DNXBLKxGIUMDqq9LnWyYRZZFNQwN7hRfDAR8fEAblP1UHYHGgw==",
        "dependencies": {
          "Microsoft.WindowsAppSDK.Base": "1.8.251216001",
          "Microsoft.WindowsAppSDK.Foundation": "1.8.260126001",
          "System.Numerics.Tensors": "9.0.0"
        }
      },
      "Microsoft.WindowsAppSDK.Runtime": {
        "type": "Transitive",
        "resolved": "1.8.260209005",
        "contentHash": "aZjMu/glUGjzACowzzhj9drn/Ddfp1yA+f7CFXpkiSk6iZ2x32vhKfcqT64RpJ6R+Dj1hl9/79aXFhIavYNj9g==",
        "dependencies": {
          "Microsoft.WindowsAppSDK.Base": "1.8.251216001"
        }
      },
      "Microsoft.WindowsAppSDK.Widgets": {
        "type": "Transitive",
        "resolved": "1.8.251231004",
        "contentHash": "bIWqQYR8DCoB1SoPOMil5AtgtkTn438wJTdpsHgyO/6o7Eh7PMP5BzrR0KbDsFqy+4LhPWQ4vtwko5k93fECcA==",
        "dependencies": {
          "Microsoft.WindowsAppSDK.Base": "1.8.251216001"
        }
      },
      "Microsoft.WindowsAppSDK.WinUI": {
        "type": "Transitive",
        "resolved": "1.8.260204000",
        "contentHash": "DSpA01+iPXwky4O1uZCrdClSi2aRIYTIhmsTeC1EsJmWBFpSirwNAg4EGHejijV6u4ZVkTdyv3px0Y2P3fp72Q==",
        "dependencies": {
          "Microsoft.Web.WebView2": "1.0.3179.45",
          "Microsoft.WindowsAppSDK.Base": "1.8.251216001",
          "Microsoft.WindowsAppSDK.Foundation": "1.8.260203002",
          "Microsoft.WindowsAppSDK.InteractiveExperiences": "1.8.260125001"
        }
      },
      "MQTTnet": {
        "type": "Transitive",
        "resolved": "5.1.0.1559",
        "contentHash": "9mkk0H+76CToIzp9ru5Uj5BuC3P5hQdkhvXM+CLmmTDdZWqajjICCHuUMbDd1yVBt9BWL77Rvzt0A+/PA4WMCA=="
      },
      "MQTTnet.Server": {
        "type": "Transitive",
        "resolved": "5.1.0.1559",
        "contentHash": "pSYkUvtP7F/EohPvStM+PMJlgmVyF1v0wB29KEr0t5x4MXY9kTDqWcCG9L+5sD4Phz6md+C+Fe4heBbh15+gSQ==",
        "dependencies": {
          "MQTTnet": "5.1.0.1559"
        }
      },
      "NAudio": {
        "type": "Transitive",
        "resolved": "2.2.1",
        "contentHash": "c0DzwiyyklM0TP39Y7RObwO3QkWecgM6H60ikiEnsV/aEAJPbj5MFCLaD8BSfKuZe0HGuh9GRGWWlJmSxDc9MA==",
        "dependencies": {
          "NAudio.Asio": "2.2.1",
          "NAudio.Core": "2.2.1",
          "NAudio.Midi": "2.2.1",
          "NAudio.Wasapi": "2.2.1",
          "NAudio.WinForms": "2.2.1",
          "NAudio.WinMM": "2.2.1"
        }
      },
      "NAudio.Asio": {
        "type": "Transitive",
        "resolved": "2.2.1",
        "contentHash": "hQglyOT5iT3XuGpBP8ZG0+aoqwRfidHjTNehpoWwX0g6KJEgtH2VaqM2nuJ2mheKZa/IBqB4YQTZVvrIapzfOA==",
        "dependencies": {
          "NAudio.Core": "2.2.1"
        }
      },
      "NAudio.Core": {
        "type": "Transitive",
        "resolved": "2.2.1",
        "contentHash": "GgkdP6K/7FqXFo7uHvoqGZTJvW4z8g2IffhOO4JHaLzKCdDOUEzVKtveoZkCuUX8eV2HAINqi7VFqlFndrnz/g=="
      },
      "NAudio.Midi": {
        "type": "Transitive",
        "resolved": "2.2.1",
        "contentHash": "6r23ylGo5aeP02WFXsPquz0T0hFJWyh+7t++tz19tc3Kr38NHm+Z9j+FiAv+xkH8tZqXJqus9Q8p6u7bidIgbw==",
        "dependencies": {
          "NAudio.Core": "2.2.1"
        }
      },
      "NAudio.Wasapi": {
        "type": "Transitive",
        "resolved": "2.2.1",
        "contentHash": "lFfXoqacZZe0WqNChJgGYI+XV/n/61LzPHT3C1CJp4khoxeo2sziyX5wzNYWeCMNbsWxFvT3b3iXeY1UYjBhZw==",
        "dependencies": {
          "NAudio.Core": "2.2.1"
        }
      },
      "NAudio.WinForms": {
        "type": "Transitive",
        "resolved": "2.2.1",
        "contentHash": "DlDkewY1myY0A+3NrYRJD+MZhZV0yy1mNF6dckB27IQ9XCs/My5Ip8BZcoSHOsaPSe2GAjvoaDnk6N9w8xTv7w==",
        "dependencies": {
          "NAudio.WinMM": "2.2.1"
        }
      },
      "NAudio.WinMM": {
        "type": "Transitive",
        "resolved": "2.2.1",
        "contentHash": "xFHRFwH4x6aq3IxRbewvO33ugJRvZFEOfO62i7uQJRUNW2cnu6BeBTHUS0JD5KBucZbHZaYqxQG8dwZ47ezQuQ==",
        "dependencies": {
          "NAudio.Core": "2.2.1"
        }
      },
      "OpenTelemetry": {
        "type": "Transitive",
        "resolved": "1.15.0",
        "contentHash": "7mS/oZFF8S6xyqGQfMU1btp0nXJQUPWV535Vp/XMLYwRAUv36xQN+U4vufWBF1+z4HnRTOwuFHtUSGnHbyN6FQ==",
        "dependencies": {
          "Microsoft.Extensions.Diagnostics.Abstractions": "10.0.0",
          "Microsoft.Extensions.Logging.Configuration": "10.0.0",
          "OpenTelemetry.Api.ProviderBuilderExtensions": "1.15.0"
        }
      },
      "OpenTelemetry.Api": {
        "type": "Transitive",
        "resolved": "1.15.0",
        "contentHash": "vk5OGdf6K9kQScCWo3bRjhDWCv6Pqw92IpX4dlARZ8B1WL7/2NGTDtCkkw42eQf7UdwyoHKzVvMH/PtL8d6z7w=="
      },
      "OpenTelemetry.Api.ProviderBuilderExtensions": {
        "type": "Transitive",
        "resolved": "1.15.0",
        "contentHash": "OnuSUlRpGvowkOzGFQfy+KZFu0cITfKfh2IYJJiZskxVJiOuexwOOuvfDAgpJdmTzVWAHjYdz2shcHZaJ06UjQ==",
        "dependencies": {
          "Microsoft.Extensions.DependencyInjection.Abstractions": "10.0.0",
          "OpenTelemetry.Api": "1.15.0"
        }
      },
      "OpenTelemetry.Exporter.OpenTelemetryProtocol": {
        "type": "Transitive",
        "resolved": "1.15.0",
        "contentHash": "VH8ANc/js9IRvfYt0Q2UaAxNCOWm+IU+vWrtoH7pfx4oWPVdISUt+9uWfBCFMWZg5WzQip5dhslyDjeyZXXfSQ==",
        "dependencies": {
          "OpenTelemetry": "1.15.0"
        }
      },
      "OpenTelemetry.Extensions.Hosting": {
        "type": "Transitive",
        "resolved": "1.15.0",
        "contentHash": "RixjKyB1pbYGhWdvPto4KJs+exdQknJsnjUO9WszdLles5Vcd0EYzxPNJdwmLjYfP+Jfbr4B5nktM4ZgeHSWtg==",
        "dependencies": {
          "Microsoft.Extensions.Hosting.Abstractions": "10.0.0",
          "OpenTelemetry": "1.15.0"
        }
      },
      "OpenTelemetry.Instrumentation.AspNetCore": {
        "type": "Transitive",
        "resolved": "1.15.0",
        "contentHash": "mte1nRYefxjed2syXgVWq3UCfMKO7MkebvTZmf0O1aLgVgCktLsVjQ6mftyjIbWGBBCHN0wg+Glxj8BSFS70pQ==",
        "dependencies": {
          "OpenTelemetry.Api.ProviderBuilderExtensions": "[1.15.0, 2.0.0)"
        }
      },
      "OpenTelemetry.Instrumentation.Http": {
        "type": "Transitive",
        "resolved": "1.15.0",
        "contentHash": "uToc7bUp8IEdb0ny9mKsL6FrrYelINPzxxiSShJgOf4XmQc4Azww6S5RjRj24YhsOn2a1MABOrxfVTZXtDk4Eg==",
        "dependencies": {
          "Microsoft.Extensions.Configuration": "10.0.0",
          "Microsoft.Extensions.Options": "10.0.0",
          "OpenTelemetry.Api.ProviderBuilderExtensions": "[1.15.0, 2.0.0)"
        }
      },
      "Perfolizer": {
        "type": "Transitive",
        "resolved": "0.6.1",
        "contentHash": "CR1QmWg4XYBd1Pb7WseP+sDmV8nGPwvmowKynExTqr3OuckIGVMhvmN4LC5PGzfXqDlR295+hz/T7syA1CxEqA==",
        "dependencies": {
          "Pragmastat": "3.2.4"
        }
      },
      "Polly.Core": {
        "type": "Transitive",
        "resolved": "8.4.2",
        "contentHash": "BpE2I6HBYYA5tF0Vn4eoQOGYTYIK1BlF5EXVgkWGn3mqUUjbXAr13J6fZVbp7Q3epRR8yshacBMlsHMhpOiV3g=="
      },
      "Polly.Extensions": {
        "type": "Transitive",
        "resolved": "8.4.2",
        "contentHash": "GZ9vRVmR0jV2JtZavt+pGUsQ1O1cuRKG7R7VOZI6ZDy9y6RNPvRvXK1tuS4ffUrv8L0FTea59oEuQzgS0R7zSA==",
        "dependencies": {
          "Microsoft.Extensions.Logging.Abstractions": "8.0.0",
          "Microsoft.Extensions.Options": "8.0.0",
          "Polly.Core": "8.4.2"
        }
      },
      "Polly.RateLimiting": {
        "type": "Transitive",
        "resolved": "8.4.2",
        "contentHash": "ehTImQ/eUyO07VYW2WvwSmU9rRH200SKJ/3jku9rOkyWE0A2JxNFmAVms8dSn49QLSjmjFRRSgfNyOgr/2PSmA==",
        "dependencies": {
          "Polly.Core": "8.4.2",
          "System.Threading.RateLimiting": "8.0.0"
        }
      },
      "Pragmastat": {
        "type": "Transitive",
        "resolved": "3.2.4",
        "contentHash": "I5qFifWw/gaTQT52MhzjZpkm/JPlfjSeO/DTZJjO7+hTKI+0aGRgOgZ3NN6D96dDuuqbIAZSeA5RimtHjqrA2A=="
      },
      "runtime.android-arm.runtime.native.System.IO.Ports": {
        "type": "Transitive",
        "resolved": "10.0.0",
        "contentHash": "ehgGD1p2lNdYs/4xC1pqB8Cmuqq/c7YWOu+6YRZNpwgebcPyjzVNU2yjgBxHce4ER28hNT4DTeODr35xIHv+cw=="
      },
      "runtime.android-arm64.runtime.native.System.IO.Ports": {
        "type": "Transitive",
        "resolved": "10.0.0",
        "contentHash": "+LI5JP5YDzXvuYP5XHnEFURgGVb0misSYb2vYPcrTq7xH8EF8wp8N3fAU3IGJ2eeJ1KzvtVmsuQok+ZTrmooww=="
      },
      "runtime.android-x64.runtime.native.System.IO.Ports": {
        "type": "Transitive",
        "resolved": "10.0.0",
        "contentHash": "7wsbMw7Qaw5e2CittVwAO3Zub8ZNMG5fJrr3/8fVfMuyR1QaAYe0cbqmltTpstbiSK8G8yQDWCj3rJnre6ffXw=="
      },
      "runtime.android-x86.runtime.native.System.IO.Ports": {
        "type": "Transitive",
        "resolved": "10.0.0",
        "contentHash": "ZVKPUs3xVKzDQaVYnetP4BDuy1sdbtydaFZpiGIpmiczLfnVPqB0ddMShrJ1fQk1aM7tPcst/KzwUHjPqgijlQ=="
      },
      "runtime.linux-arm.runtime.native.System.IO.Ports": {
        "type": "Transitive",
        "resolved": "10.0.0",
        "contentHash": "IA5+Djaq6B6QRfO1x7qS0LoB7Cw/46c18zs98cP0Se+gpaUciJxSsBAl9PAPbfEIK5cADW5ecNvtGvNtk7S1Mg=="
      },
      "runtime.linux-arm64.runtime.native.System.IO.Ports": {
        "type": "Transitive",
        "resolved": "10.0.0",
        "contentHash": "G2udW9Ej7OYIPjgvcb+K6ooeU/84PqHnxMg8/vz1SHmCCLpEvCYS4W73MoL/Lqz28fJ1Pehy6cShp8DKKGbBPg=="
      },
      "runtime.linux-bionic-arm64.runtime.native.System.IO.Ports": {
        "type": "Transitive",
        "resolved": "10.0.0",
        "contentHash": "yXj5BTjwpjnZhkyC1JZLbMdMh6tamF3qjac7DAHQa/qM8ICqjxK5F6duS3i0OnWPaZBZUKkpP1dyZ8FeL7GsKQ=="
      },
      "runtime.linux-bionic-x64.runtime.native.System.IO.Ports": {
        "type": "Transitive",
        "resolved": "10.0.0",
        "contentHash": "nxCe45MUNmsCLhgIn2Catvf25ipmHzTBoXUfkjsl97o2RJXl5PSjx2jiYvJIz8O9Zx7mRGBBtgvLtpLDm1Ci3g=="
      },
      "runtime.linux-musl-arm.runtime.native.System.IO.Ports": {
        "type": "Transitive",
        "resolved": "10.0.0",
        "contentHash": "PK0gGqX/FrLP+fv5c+56s36bqQu8umGt2h1L5ze1rqioYb1NErZg3D+zA4s45pHLDupJ7vmlvLo72DLFPAnzow=="
      },
      "runtime.linux-musl-arm64.runtime.native.System.IO.Ports": {
        "type": "Transitive",
        "resolved": "10.0.0",
        "contentHash": "kGmMJHJIairC0znRxMY8l8dovr7mpqb1wTRT0k/H0pHUYMC0yWyBxPQ6Jhss/tevazLYJG+kfsNw8oouF2pyvQ=="
      },
      "runtime.linux-musl-x64.runtime.native.System.IO.Ports": {
        "type": "Transitive",
        "resolved": "10.0.0",
        "contentHash": "dUvttlipSsyfqgmGkdzsBTSwDA92r7NIL860jIGlaZ31kY7vGGxa9EeR9Y//vj5JmIcRVMhoe69u2t1pITPHTQ=="
      },
      "runtime.linux-x64.runtime.native.System.IO.Ports": {
        "type": "Transitive",
        "resolved": "10.0.0",
        "contentHash": "BYU08iO5Ey9oGMxSXCrsmEHkT51SifbIL8yBCD7e59P90tZzxpzm89j+guGsb24+qbiwOlCQmpi10dgWn6VmWg=="
      },
      "runtime.maccatalyst-arm64.runtime.native.System.IO.Ports": {
        "type": "Transitive",
        "resolved": "10.0.0",
        "contentHash": "DGVYub3vzhIXntukgOH18NOs6O6Y0PivftW/DYJZQs4lrA/zIUWs7DFXdY4D+4dcJjKBweb5qp4uRIko/vtodQ=="
      },
      "runtime.maccatalyst-x64.runtime.native.System.IO.Ports": {
        "type": "Transitive",
        "resolved": "10.0.0",
        "contentHash": "h+H9WlpBbG1b3ZcnjaRdV1avmz1mOWvkjGoXlYh+brPPT3XpP2KWtTOLAz/3JpQe49LwGq+rOX8GwbzQvUpdkA=="
      },
      "runtime.native.System.IO.Ports": {
        "type": "Transitive",
        "resolved": "10.0.0",
        "contentHash": "xL+e2TzXMx4Ts/TVo/v6MbNtKPc3OASCN1cHqVXzWdT+fOH9m4BM12SSXkp5clP5Rj955Vh/4Lj1faD+FGwjiQ==",
        "dependencies": {
          "runtime.android-arm.runtime.native.System.IO.Ports": "10.0.0",
          "runtime.android-arm64.runtime.native.System.IO.Ports": "10.0.0",
          "runtime.android-x64.runtime.native.System.IO.Ports": "10.0.0",
          "runtime.android-x86.runtime.native.System.IO.Ports": "10.0.0",
          "runtime.linux-arm.runtime.native.System.IO.Ports": "10.0.0",
          "runtime.linux-arm64.runtime.native.System.IO.Ports": "10.0.0",
          "runtime.linux-bionic-arm64.runtime.native.System.IO.Ports": "10.0.0",
          "runtime.linux-bionic-x64.runtime.native.System.IO.Ports": "10.0.0",
          "runtime.linux-musl-arm.runtime.native.System.IO.Ports": "10.0.0",
          "runtime.linux-musl-arm64.runtime.native.System.IO.Ports": "10.0.0",
          "runtime.linux-musl-x64.runtime.native.System.IO.Ports": "10.0.0",
          "runtime.linux-x64.runtime.native.System.IO.Ports": "10.0.0",
          "runtime.maccatalyst-arm64.runtime.native.System.IO.Ports": "10.0.0",
          "runtime.maccatalyst-x64.runtime.native.System.IO.Ports": "10.0.0",
          "runtime.osx-arm64.runtime.native.System.IO.Ports": "10.0.0",
          "runtime.osx-x64.runtime.native.System.IO.Ports": "10.0.0"
        }
      },
      "runtime.osx-arm64.runtime.native.System.IO.Ports": {
        "type": "Transitive",
        "resolved": "10.0.0",
        "contentHash": "UrTKcNTBfHCvwmMJHJotiY8FVcQu1mk73b+AsLmVlu0S3Z27VvwWgd3fcw1CjkqX45BoVYMCE3JNhIExIKSrzQ=="
      },
      "runtime.osx-x64.runtime.native.System.IO.Ports": {
        "type": "Transitive",
        "resolved": "10.0.0",
        "contentHash": "kggkJk7S8OcoOLa9OyrP2zQ/eStiKHOytWVK8lJuRckzcz52eUgDo66+d9n2KciukcNmeAbmSHEY6fh2n394Jg=="
      },
      "Serilog": {
        "type": "Transitive",
        "resolved": "4.3.1",
        "contentHash": "savYe7h5yRlkqBVOwP8cIRDOdqKiPmYCU4W87JH38sBmcKD5EBoXvQIw6bNEvZ/pTe1gsiye3VFCzBsoppGkXQ=="
      },
      "Serilog.Extensions.Logging": {
        "type": "Transitive",
        "resolved": "10.0.0",
        "contentHash": "vx0kABKl2dWbBhhqAfTOk53/i8aV/5VaT3a6il9gn72Wqs2pM7EK2OB6No6xdqK2IaY6Zf9gdjLuK9BVa2rT+Q==",
        "dependencies": {
          "Microsoft.Extensions.Logging": "10.0.0",
          "Serilog": "4.2.0"
        }
      },
      "Serilog.Formatting.Compact": {
        "type": "Transitive",
        "resolved": "3.0.0",
        "contentHash": "wQsv14w9cqlfB5FX2MZpNsTawckN4a8dryuNGbebB/3Nh1pXnROHZov3swtu3Nj5oNG7Ba+xdu7Et/ulAUPanQ==",
        "dependencies": {
          "Serilog": "4.0.0"
        }
      },
      "Serilog.Sinks.Debug": {
        "type": "Transitive",
        "resolved": "3.0.0",
        "contentHash": "4BzXcdrgRX7wde9PmHuYd9U6YqycCC28hhpKonK7hx0wb19eiuRj16fPcPSVp0o/Y1ipJuNLYQ00R3q2Zs8FDA==",
        "dependencies": {
          "Serilog": "4.0.0"
        }
      },
      "Serilog.Sinks.File": {
        "type": "Transitive",
        "resolved": "7.0.0",
        "contentHash": "fKL7mXv7qaiNBUC71ssvn/dU0k9t0o45+qm2XgKAlSt19xF+ijjxyA3R6HmCgfKEKwfcfkwWjayuQtRueZFkYw==",
        "dependencies": {
          "Serilog": "4.2.0"
        }
      },
      "Serilog.Sinks.OpenTelemetry": {
        "type": "Transitive",
        "resolved": "4.2.0",
        "contentHash": "PzMCyE5G19tjr5IZEi5qg+4UU5QrxBEoBEMu/hhYybTrGKXqUDiSGWKZNUDBgelaVKqLADlsmlJVyKce5SyPrg==",
        "dependencies": {
          "Google.Protobuf": "3.30.1",
          "Grpc.Net.Client": "2.70.0",
          "Serilog": "4.2.0"
        }
      },
      "System.CodeDom": {
        "type": "Transitive",
        "resolved": "10.0.0",
        "contentHash": "QWERdKi/tQAx+MbrPxTGcpchqMANnVXNiv2r2tILBBB38E74buD+fABSUhozZ1G9kjbadFB0m+HPFMkhJPeFvA=="
      },
      "System.IO.Ports": {
        "type": "Transitive",
        "resolved": "10.0.0",
        "contentHash": "UT9dTPqoEjG5AuPu2NA29hBlNyW2bGIVv/CoV2I2IjIRRnAzbXHVRdVZG5NKfuWTLmpQZfAaEAWV9MSn3VDrtg==",
        "dependencies": {
          "runtime.native.System.IO.Ports": "10.0.0"
        }
      },
      "System.Management": {
        "type": "Transitive",
        "resolved": "10.0.0",
        "contentHash": "LE3rDZoPzulou78Tsq+3ALhUs4vatQ03v2QWbYVIenVPneUH/+LTUmHyyl098OxIFLQI6sNkZs8YHbUnT/sm3A==",
        "dependencies": {
          "System.CodeDom": "10.0.0"
        }
      },
      "System.Numerics.Tensors": {
        "type": "Transitive",
        "resolved": "9.0.0",
        "contentHash": "hyJB4UlpAi19Xr9AXzu2NuagKC4lPfHObNMEAA0HmqFz2rX7wKgzeYzO/jM/eBHDhnUGFFEjk5cOoJaxqg5J4A=="
      },
      "System.Reflection.TypeExtensions": {
        "type": "Transitive",
        "resolved": "4.7.0",
        "contentHash": "VybpaOQQhqE6siHppMktjfGBw1GCwvCqiufqmP8F1nj7fTUNtW35LOEt3UZTEsECfo+ELAl/9o9nJx3U91i7vA=="
      },
      "System.Threading.RateLimiting": {
        "type": "Transitive",
        "resolved": "8.0.0",
        "contentHash": "7mu9v0QDv66ar3DpGSZHg9NuNcxDaaAcnMULuZlaTpP9+hwXhrxNGsF5GmLkSHxFdb5bBc1TzeujsRgTrPWi+Q=="
      },
      "analyzer.dsp": {
        "type": "Project",
        "dependencies": {
          "MicaAudio.Core": "[1.0.0, )"
        }
      },
      "app.winui": {
        "type": "Project",
        "dependencies": {
          "Analyzer.Dsp": "[1.0.0, )",
          "Audio.Loopback": "[1.0.0, )",
          "CommunityToolkit.Mvvm": "[8.4.0, )",
          "Device.Protocol": "[1.0.0, )",
          "Device.Server": "[1.0.0, )",
          "Magick.NET-Q8-AnyCPU": "[14.12.0, )",
          "MicaAudio.Core": "[1.0.0, )",
          "Microsoft.Extensions.Caching.Hybrid": "[10.0.0, )",
          "Microsoft.Extensions.DependencyInjection": "[10.0.3, )",
          "Microsoft.Extensions.Http.Resilience": "[10.3.0, )",
          "Microsoft.Extensions.Logging": "[10.0.3, )",
          "Microsoft.Extensions.Logging.Debug": "[10.0.3, )",
          "Microsoft.Graphics.Win2D": "[1.3.2, )",
          "Microsoft.Web.WebView2": "[1.0.3800.47, )",
          "Microsoft.WindowsAppSDK": "[1.8.260209005, )",
          "OpenTelemetry.Exporter.OpenTelemetryProtocol": "[1.15.0, )",
          "OpenTelemetry.Extensions.Hosting": "[1.15.0, )",
          "OpenTelemetry.Instrumentation.Http": "[1.15.0, )",
          "Output": "[1.0.0, )",
          "Serilog": "[4.3.1, )",
          "Serilog.Extensions.Logging": "[10.0.0, )",
          "Serilog.Formatting.Compact": "[3.0.0, )",
          "Serilog.Sinks.Debug": "[3.0.0, )",
          "Serilog.Sinks.File": "[7.0.0, )",
          "Serilog.Sinks.OpenTelemetry": "[4.2.0, )",
          "System.IO.Ports": "[10.0.0, )",
          "System.Management": "[10.0.0, )",
          "Visual.Win2D": "[1.0.0, )"
        }
      },
      "audio.loopback": {
        "type": "Project",
        "dependencies": {
          "MicaAudio.Core": "[1.0.0, )",
          "NAudio": "[2.2.1, )"
        }
      },
      "device.protocol": {
        "type": "Project"
      },
      "device.server": {
        "type": "Project",
        "dependencies": {
          "Device.Protocol": "[1.0.0, )",
          "MQTTnet.Server": "[5.1.0.1559, )",
          "OpenTelemetry.Exporter.OpenTelemetryProtocol": "[1.15.0, )",
          "OpenTelemetry.Extensions.Hosting": "[1.15.0, )",
          "OpenTelemetry.Instrumentation.AspNetCore": "[1.15.0, )",
          "Serilog": "[4.3.1, )",
          "Serilog.Extensions.Logging": "[10.0.0, )"
        }
      },
      "micaaudio.core": {
        "type": "Project"
      },
      "output": {
        "type": "Project",
        "dependencies": {
          "Device.Protocol": "[1.0.0, )",
          "Device.Server": "[1.0.0, )",
          "MicaAudio.Core": "[1.0.0, )"
        }
      },
      "visual.win2d": {
        "type": "Project",
        "dependencies": {
          "MicaAudio.Core": "[1.0.0, )",
          "Microsoft.Graphics.Win2D": "[1.3.2, )"
        }
      }
    },
    "net10.0-windows10.0.22621/win-x64": {
      "Microsoft.Graphics.Win2D": {
        "type": "Direct",
        "requested": "[1.3.2, )",
        "resolved": "1.3.2",
        "contentHash": "xAv4+Xj8wePW1innIUSXebX6UHMGDzOxwKPwYNUNY7mBrsRL/hPFEtuPLpBSxc3iBnuaCogPDCDeN7T4b1xV0Q==",
        "dependencies": {
          "Microsoft.WindowsAppSDK": "1.6.241114003"
        }
      },
      "Gee.External.Capstone": {
        "type": "Transitive",
        "resolved": "2.3.0",
        "contentHash": "2ap/rYmjtzCOT8hxrnEW/QeiOt+paD8iRrIcdKX0cxVwWLFa1e+JDBNeECakmccXrSFeBQuu5AV8SNkipFMMMw=="
      },
      "Magick.NET-Q8-AnyCPU": {
        "type": "Transitive",
        "resolved": "14.12.0",
        "contentHash": "YGEgNTZ6DaMhXgJYLClRrmEe6CMsEL5E8hy4c2iH/aEmj41ojFAtA/PIXYH1AOYINNEUX/83nLp/y5obt9P/vw==",
        "dependencies": {
          "Magick.NET.Core": "14.12.0"
        }
      },
      "Microsoft.Web.WebView2": {
        "type": "Transitive",
        "resolved": "1.0.3800.47",
        "contentHash": "vluoF9sqb72AB02yYs1UXW/2/VsxOMl2idiFJNvG993sOw3bHJvjHXmd3tqevTd9s3Md/9FgEzkOXoUl2Nb/ww=="
      },
      "Microsoft.WindowsAppSDK.Foundation": {
        "type": "Transitive",
        "resolved": "1.8.260203002",
        "contentHash": "eKQ/prWq98mW7+E+ffot47iZNbDnq/NVN9R9Gi8vmoU/3Ka6zNNivxdICXh6j7g6REFPCV9530/nQYQC0L3fwg==",
        "dependencies": {
          "Microsoft.WindowsAppSDK.Base": "1.8.251216001",
          "Microsoft.WindowsAppSDK.InteractiveExperiences": "1.8.260125001"
        }
      },
      "runtime.android-arm.runtime.native.System.IO.Ports": {
        "type": "Transitive",
        "resolved": "10.0.0",
        "contentHash": "ehgGD1p2lNdYs/4xC1pqB8Cmuqq/c7YWOu+6YRZNpwgebcPyjzVNU2yjgBxHce4ER28hNT4DTeODr35xIHv+cw=="
      },
      "runtime.android-arm64.runtime.native.System.IO.Ports": {
        "type": "Transitive",
        "resolved": "10.0.0",
        "contentHash": "+LI5JP5YDzXvuYP5XHnEFURgGVb0misSYb2vYPcrTq7xH8EF8wp8N3fAU3IGJ2eeJ1KzvtVmsuQok+ZTrmooww=="
      },
      "runtime.android-x64.runtime.native.System.IO.Ports": {
        "type": "Transitive",
        "resolved": "10.0.0",
        "contentHash": "7wsbMw7Qaw5e2CittVwAO3Zub8ZNMG5fJrr3/8fVfMuyR1QaAYe0cbqmltTpstbiSK8G8yQDWCj3rJnre6ffXw=="
      },
      "runtime.android-x86.runtime.native.System.IO.Ports": {
        "type": "Transitive",
        "resolved": "10.0.0",
        "contentHash": "ZVKPUs3xVKzDQaVYnetP4BDuy1sdbtydaFZpiGIpmiczLfnVPqB0ddMShrJ1fQk1aM7tPcst/KzwUHjPqgijlQ=="
      },
      "runtime.linux-arm.runtime.native.System.IO.Ports": {
        "type": "Transitive",
        "resolved": "10.0.0",
        "contentHash": "IA5+Djaq6B6QRfO1x7qS0LoB7Cw/46c18zs98cP0Se+gpaUciJxSsBAl9PAPbfEIK5cADW5ecNvtGvNtk7S1Mg=="
      },
      "runtime.linux-arm64.runtime.native.System.IO.Ports": {
        "type": "Transitive",
        "resolved": "10.0.0",
        "contentHash": "G2udW9Ej7OYIPjgvcb+K6ooeU/84PqHnxMg8/vz1SHmCCLpEvCYS4W73MoL/Lqz28fJ1Pehy6cShp8DKKGbBPg=="
      },
      "runtime.linux-bionic-arm64.runtime.native.System.IO.Ports": {
        "type": "Transitive",
        "resolved": "10.0.0",
        "contentHash": "yXj5BTjwpjnZhkyC1JZLbMdMh6tamF3qjac7DAHQa/qM8ICqjxK5F6duS3i0OnWPaZBZUKkpP1dyZ8FeL7GsKQ=="
      },
      "runtime.linux-bionic-x64.runtime.native.System.IO.Ports": {
        "type": "Transitive",
        "resolved": "10.0.0",
        "contentHash": "nxCe45MUNmsCLhgIn2Catvf25ipmHzTBoXUfkjsl97o2RJXl5PSjx2jiYvJIz8O9Zx7mRGBBtgvLtpLDm1Ci3g=="
      },
      "runtime.linux-musl-arm.runtime.native.System.IO.Ports": {
        "type": "Transitive",
        "resolved": "10.0.0",
        "contentHash": "PK0gGqX/FrLP+fv5c+56s36bqQu8umGt2h1L5ze1rqioYb1NErZg3D+zA4s45pHLDupJ7vmlvLo72DLFPAnzow=="
      },
      "runtime.linux-musl-arm64.runtime.native.System.IO.Ports": {
        "type": "Transitive",
        "resolved": "10.0.0",
        "contentHash": "kGmMJHJIairC0znRxMY8l8dovr7mpqb1wTRT0k/H0pHUYMC0yWyBxPQ6Jhss/tevazLYJG+kfsNw8oouF2pyvQ=="
      },
      "runtime.linux-musl-x64.runtime.native.System.IO.Ports": {
        "type": "Transitive",
        "resolved": "10.0.0",
        "contentHash": "dUvttlipSsyfqgmGkdzsBTSwDA92r7NIL860jIGlaZ31kY7vGGxa9EeR9Y//vj5JmIcRVMhoe69u2t1pITPHTQ=="
      },
      "runtime.linux-x64.runtime.native.System.IO.Ports": {
        "type": "Transitive",
        "resolved": "10.0.0",
        "contentHash": "BYU08iO5Ey9oGMxSXCrsmEHkT51SifbIL8yBCD7e59P90tZzxpzm89j+guGsb24+qbiwOlCQmpi10dgWn6VmWg=="
      },
      "runtime.maccatalyst-arm64.runtime.native.System.IO.Ports": {
        "type": "Transitive",
        "resolved": "10.0.0",
        "contentHash": "DGVYub3vzhIXntukgOH18NOs6O6Y0PivftW/DYJZQs4lrA/zIUWs7DFXdY4D+4dcJjKBweb5qp4uRIko/vtodQ=="
      },
      "runtime.maccatalyst-x64.runtime.native.System.IO.Ports": {
        "type": "Transitive",
        "resolved": "10.0.0",
        "contentHash": "h+H9WlpBbG1b3ZcnjaRdV1avmz1mOWvkjGoXlYh+brPPT3XpP2KWtTOLAz/3JpQe49LwGq+rOX8GwbzQvUpdkA=="
      },
      "runtime.osx-arm64.runtime.native.System.IO.Ports": {
        "type": "Transitive",
        "resolved": "10.0.0",
        "contentHash": "UrTKcNTBfHCvwmMJHJotiY8FVcQu1mk73b+AsLmVlu0S3Z27VvwWgd3fcw1CjkqX45BoVYMCE3JNhIExIKSrzQ=="
      },
      "runtime.osx-x64.runtime.native.System.IO.Ports": {
        "type": "Transitive",
        "resolved": "10.0.0",
        "contentHash": "kggkJk7S8OcoOLa9OyrP2zQ/eStiKHOytWVK8lJuRckzcz52eUgDo66+d9n2KciukcNmeAbmSHEY6fh2n394Jg=="
      },
      "System.IO.Ports": {
        "type": "Transitive",
        "resolved": "10.0.0",
        "contentHash": "UT9dTPqoEjG5AuPu2NA29hBlNyW2bGIVv/CoV2I2IjIRRnAzbXHVRdVZG5NKfuWTLmpQZfAaEAWV9MSn3VDrtg==",
        "dependencies": {
          "runtime.native.System.IO.Ports": "10.0.0"
        }
      },
      "System.Management": {
        "type": "Transitive",
        "resolved": "10.0.0",
        "contentHash": "LE3rDZoPzulou78Tsq+3ALhUs4vatQ03v2QWbYVIenVPneUH/+LTUmHyyl098OxIFLQI6sNkZs8YHbUnT/sm3A==",
        "dependencies": {
          "System.CodeDom": "10.0.0"
        }
      }
    }
  }
}