{
  "version": 1,
  "dependencies": {
    "net10.0": {
      "Magick.NET-Q8-AnyCPU": {
        "type": "Transitive",
        "resolved": "14.14.0",
        "contentHash": "Af7QdAb1AfLN09gpr4lzrTjioDez1hW1IQN3Tb0qJWi8NY3ywTJyteoH/8P/mripXq4D5Khz0uWBEX5O59i5Zw==",
        "dependencies": {
          "Magick.NET.Core": "14.14.0"
        }
      },
      "Magick.NET.Core": {
        "type": "Transitive",
        "resolved": "14.14.0",
        "contentHash": "pACR3w4QmjBkebtYvZwNk0oow8YwEAF4CLfzSrGmPcWsObL8wvt/lOXsrzK9M0cVwYES7jp+bdnHQBTeQgfoIg=="
      },
      "device.client.abstractions": {
        "type": "Project",
        "dependencies": {
          "Device.Protocol": "[1.0.0, )"
        }
      },
      "device.protocol": {
        "type": "Project"
      },
      "micaaudio.core": {
        "type": "Project"
      },
      "panels.composition": {
        "type": "Project",
        "dependencies": {
          "Magick.NET-Q8-AnyCPU": "[14.14.0, )",
          "MicaAudio.Core": "[1.0.0, )"
        }
      }
    }
  }
}