{
  "version": 1,
  "dependencies": {
    "net10.0": {
      "device.client.abstractions": {
        "type": "Project",
        "dependencies": {
          "Device.Protocol": "[1.0.0, )"
        }
      },
      "device.protocol": {
        "type": "Project"
      },
      "micaaudio.core": {
        "type": "Project"
      },
      "panels.composition": {
        "type": "Project",
        "dependencies": {
          "MicaAudio.Core": "[1.0.0, )"
        }
      }
    }
  }
}