{
  "version": 1,
  "dependencies": {
    "net10.0": {
      "Magick.NET-Q8-AnyCPU": {
        "type": "Transitive",
        "resolved": "14.15.0",
        "contentHash": "GYcT4dC2Dxgq/FN/PwVY+PHJEuZc5ZfQm0bj0BmvmSRXPjPPJzdOV8tbcMyNUQtHcRnsp6E/mJ5Tf62I8in3bg==",
        "dependencies": {
          "Magick.NET.Core": "14.15.0"
        }
      },
      "Magick.NET.Core": {
        "type": "Transitive",
        "resolved": "14.15.0",
        "contentHash": "xgD1zqb4KQ1gMQcd3eIRp8hFMHBxzW9fOpLLDR7BWN0oCwZ0i6NW7rIUiCdsEi/NuZi1UlCLWBHh3v7Y2E3LIw=="
      },
      "device.client.abstractions": {
        "type": "Project",
        "dependencies": {
          "Device.Protocol": "[1.0.0, )"
        }
      },
      "device.protocol": {
        "type": "Project"
      },
      "micaaudio.core": {
        "type": "Project"
      },
      "panels.composition": {
        "type": "Project",
        "dependencies": {
          "Magick.NET-Q8-AnyCPU": "[14.15.0, )",
          "MicaAudio.Core": "[1.0.0, )"
        }
      }
    }
  }
}