{
  "version": 1,
  "dependencies": {
    "net10.0-windows10.0.22621": {
      "Microsoft.Graphics.Win2D": {
        "type": "Direct",
        "requested": "[1.3.2, )",
        "resolved": "1.3.2",
        "contentHash": "xAv4+Xj8wePW1innIUSXebX6UHMGDzOxwKPwYNUNY7mBrsRL/hPFEtuPLpBSxc3iBnuaCogPDCDeN7T4b1xV0Q==",
        "dependencies": {
          "Microsoft.WindowsAppSDK": "1.6.241114003"
        }
      },
      "Microsoft.Windows.SDK.BuildTools": {
        "type": "Direct",
        "requested": "[10.0.26100.7705, )",
        "resolved": "10.0.26100.7705",
        "contentHash": "HhD3TweZMpyor2t7vRJgJrASHJDWcDjYWQB2HSqsYWvpB10K8KgkdmXLtGUoKYwoztyIV2k1vjt1DdVsYs8jWw=="
      },
      "Microsoft.Web.WebView2": {
        "type": "Transitive",
        "resolved": "1.0.2651.64",
        "contentHash": "f5sc/vcAoTCTEW7Nqzp4galAuTRguZViw8ksn+Nx2uskEBPm0/ubzy6gVjvXS/P96jLS89C8T9I0hPc417xpNg=="
      },
      "Microsoft.WindowsAppSDK": {
        "type": "Transitive",
        "resolved": "1.6.241114003",
        "contentHash": "5XBNubjJi7+7DDI5lUXR3Jc0/memeFJyP6zmGTGgQcmTTbUf2T6U1f+qwcXHT+2yoXpaDuZCE86/aDLdU30e5A==",
        "dependencies": {
          "Microsoft.Web.WebView2": "1.0.2651.64",
          "Microsoft.Windows.SDK.BuildTools": "10.0.22621.756"
        }
      },
      "micaaudio.core": {
        "type": "Project"
      }
    }
  }
}