{
  "version": 1,
  "dependencies": {
    "net10.0": {
      "Microsoft.Extensions.Logging.Abstractions": {
        "type": "Direct",
        "requested": "[10.0.3, )",
        "resolved": "10.0.3",
        "contentHash": "lxl0WLk7ROgBFAsjcOYjQ8/DVK+VMszxGBzUhgtQmAsTNldLL5pk9NG/cWTsXHq0lUhUEAtZkEE7jOGOA8bGKQ==",
        "dependencies": {
          "Microsoft.Extensions.DependencyInjection.Abstractions": "10.0.3"
        }
      },
      "Microsoft.Extensions.DependencyInjection.Abstractions": {
        "type": "Transitive",
        "resolved": "10.0.3",
        "contentHash": "bwGMrRcAMWx2s/RDgja97p27rxSz2pEQW0+rX5cWAUWVETVJ/eyxGfjAl8vuG5a+lckWmPIE+vcuaZNVB5YDdw=="
      },
      "device.client.abstractions": {
        "type": "Project",
        "dependencies": {
          "Device.Protocol": "[1.0.0, )"
        }
      },
      "device.protocol": {
        "type": "Project"
      },
      "device.server.abstractions": {
        "type": "Project",
        "dependencies": {
          "Device.Client.Abstractions": "[1.0.0, )",
          "Device.Protocol": "[1.0.0, )"
        }
      }
    }
  }
}