{
  "name": "src",
  "lockfileVersion": 3,
  "requires": true,
  "packages": {
    "": {
      "devDependencies": {
        "opencode-vibeguard": "^0.1.0"
      }
    },
    "node_modules/opencode-vibeguard": {
      "version": "0.1.0",
      "resolved": "https://registry.npmjs.org/opencode-vibeguard/-/opencode-vibeguard-0.1.0.tgz",
      "integrity": "sha512-qAyTC4ob0aoCAxiqq9Jw2CM9CYGBVg1VBl9MS7HWOuYIoZWl13Ukv8CeD1Ieg2BYp0jj6zAxzSK8GKClBxaJcg==",
      "dev": true,
      "license": "MIT"
    }
  }
}
