{
  "version": 1,
  "dependencies": {
    "net10.0": {
      "Magick.NET-Q8-AnyCPU": {
        "type": "Direct",
        "requested": "[14.12.0, )",
        "resolved": "14.12.0",
        "contentHash": "YGEgNTZ6DaMhXgJYLClRrmEe6CMsEL5E8hy4c2iH/aEmj41ojFAtA/PIXYH1AOYINNEUX/83nLp/y5obt9P/vw==",
        "dependencies": {
          "Magick.NET.Core": "14.12.0"
        }
      },
      "Magick.NET.Core": {
        "type": "Transitive",
        "resolved": "14.12.0",
        "contentHash": "QPyuk1Lxp1xgSTP8xomnoZjeOtUeTSoeSuEckhGaUAi6GdZ5d2PmZqzr0O4m/zPbC4So/yg5rr2QO4vYD6fB5g=="
      },
      "device.protocol": {
        "type": "Project"
      },
      "micaaudio.core": {
        "type": "Project"
      }
    }
  }
}